// !$*UTF8*$!
{
	archiveVersion = 1;
	classes = {
	};
	objectVersion = 46;
	objects = {

/* Begin PBXBuildFile section */
		452E4DD61F4B16F200F27656 /* AppDelegate.swift in Sources */ = {isa = PBXBuildFile; fileRef = 452E4DD51F4B16F200F27656 /* AppDelegate.swift */; };
		45EF0B0A1F50714D005791E4 /* NetworkService.swift in Sources */ = {isa = PBXBuildFile; fileRef = 45EF0B091F50714D005791E4 /* NetworkService.swift */; };
		45EF0B1C1F50746A005791E4 /* LaunchScreen.storyboard in Resources */ = {isa = PBXBuildFile; fileRef = 45EF0B1A1F50746A005791E4 /* LaunchScreen.storyboard */; };
		45EF0B1D1F50746A005791E4 /* Main.storyboard in Resources */ = {isa = PBXBuildFile; fileRef = 45EF0B1B1F50746A005791E4 /* Main.storyboard */; };
		45EF0B211F5074DB005791E4 /* LoginViewController.swift in Sources */ = {isa = PBXBuildFile; fileRef = 45EF0B201F5074DB005791E4 /* LoginViewController.swift */; };
		45EF0B231F50752E005791E4 /* Assets.xcassets in Resources */ = {isa = PBXBuildFile; fileRef = 45EF0B221F50752E005791E4 /* Assets.xcassets */; };
		45EF0B281F507578005791E4 /* SWRevealViewController.m in Sources */ = {isa = PBXBuildFile; fileRef = 45EF0B271F507578005791E4 /* SWRevealViewController.m */; };
		45EF0B2C1F507596005791E4 /* CategoriesAddition.swift in Sources */ = {isa = PBXBuildFile; fileRef = 45EF0B291F507596005791E4 /* CategoriesAddition.swift */; };
		45EF0B2D1F507596005791E4 /* UIViewControllerExtension.swift in Sources */ = {isa = PBXBuildFile; fileRef = 45EF0B2A1F507596005791E4 /* UIViewControllerExtension.swift */; };
		45EF0B2E1F507596005791E4 /* UIViewExtension.swift in Sources */ = {isa = PBXBuildFile; fileRef = 45EF0B2B1F507596005791E4 /* UIViewExtension.swift */; };
		45EF0B301F5075A3005791E4 /* ProgressView.swift in Sources */ = {isa = PBXBuildFile; fileRef = 45EF0B2F1F5075A3005791E4 /* ProgressView.swift */; };
		45EF0B321F5075AD005791E4 /* Utilities.swift in Sources */ = {isa = PBXBuildFile; fileRef = 45EF0B311F5075AD005791E4 /* Utilities.swift */; };
		45EF0B351F5075DE005791E4 /* TransitionManager.swift in Sources */ = {isa = PBXBuildFile; fileRef = 45EF0B341F5075DE005791E4 /* TransitionManager.swift */; };
		8A48120917D31C8DDEF21295 /* Pods_NhaTro.framework in Frameworks */ = {isa = PBXBuildFile; fileRef = 40F2C26F16E911A2000CAB81 /* Pods_NhaTro.framework */; };
/* End PBXBuildFile section */

/* Begin PBXFileReference section */
		40F2C26F16E911A2000CAB81 /* Pods_NhaTro.framework */ = {isa = PBXFileReference; explicitFileType = wrapper.framework; includeInIndex = 0; path = Pods_NhaTro.framework; sourceTree = BUILT_PRODUCTS_DIR; };
		452E4DD21F4B16F200F27656 /* NhaTro.app */ = {isa = PBXFileReference; explicitFileType = wrapper.application; includeInIndex = 0; path = NhaTro.app; sourceTree = BUILT_PRODUCTS_DIR; };
		452E4DD51F4B16F200F27656 /* AppDelegate.swift */ = {isa = PBXFileReference; lastKnownFileType = sourcecode.swift; path = AppDelegate.swift; sourceTree = "<group>"; };
		452E4DE11F4B16F200F27656 /* Info.plist */ = {isa = PBXFileReference; lastKnownFileType = text.plist.xml; path = Info.plist; sourceTree = "<group>"; };
		45EF0B091F50714D005791E4 /* NetworkService.swift */ = {isa = PBXFileReference; fileEncoding = 4; lastKnownFileType = sourcecode.swift; path = NetworkService.swift; sourceTree = "<group>"; };
		45EF0B1A1F50746A005791E4 /* LaunchScreen.storyboard */ = {isa = PBXFileReference; fileEncoding = 4; lastKnownFileType = file.storyboard; path = LaunchScreen.storyboard; sourceTree = "<group>"; };
		45EF0B1B1F50746A005791E4 /* Main.storyboard */ = {isa = PBXFileReference; fileEncoding = 4; lastKnownFileType = file.storyboard; path = Main.storyboard; sourceTree = "<group>"; };
		45EF0B201F5074DB005791E4 /* LoginViewController.swift */ = {isa = PBXFileReference; fileEncoding = 4; lastKnownFileType = sourcecode.swift; path = LoginViewController.swift; sourceTree = "<group>"; };
		45EF0B221F50752E005791E4 /* Assets.xcassets */ = {isa = PBXFileReference; lastKnownFileType = folder.assetcatalog; path = Assets.xcassets; sourceTree = "<group>"; };
		45EF0B251F507577005791E4 /* NhaTro-Bridging-Header.h */ = {isa = PBXFileReference; lastKnownFileType = sourcecode.c.h; path = "NhaTro-Bridging-Header.h"; sourceTree = "<group>"; };
		45EF0B261F507578005791E4 /* SWRevealViewController.h */ = {isa = PBXFileReference; fileEncoding = 4; lastKnownFileType = sourcecode.c.h; path = SWRevealViewController.h; sourceTree = "<group>"; };
		45EF0B271F507578005791E4 /* SWRevealViewController.m */ = {isa = PBXFileReference; fileEncoding = 4; lastKnownFileType = sourcecode.c.objc; path = SWRevealViewController.m; sourceTree = "<group>"; };
		45EF0B291F507596005791E4 /* CategoriesAddition.swift */ = {isa = PBXFileReference; fileEncoding = 4; lastKnownFileType = sourcecode.swift; path = CategoriesAddition.swift; sourceTree = "<group>"; };
		45EF0B2A1F507596005791E4 /* UIViewControllerExtension.swift */ = {isa = PBXFileReference; fileEncoding = 4; lastKnownFileType = sourcecode.swift; path = UIViewControllerExtension.swift; sourceTree = "<group>"; };
		45EF0B2B1F507596005791E4 /* UIViewExtension.swift */ = {isa = PBXFileReference; fileEncoding = 4; lastKnownFileType = sourcecode.swift; path = UIViewExtension.swift; sourceTree = "<group>"; };
		45EF0B2F1F5075A3005791E4 /* ProgressView.swift */ = {isa = PBXFileReference; fileEncoding = 4; lastKnownFileType = sourcecode.swift; path = ProgressView.swift; sourceTree = "<group>"; };
		45EF0B311F5075AD005791E4 /* Utilities.swift */ = {isa = PBXFileReference; fileEncoding = 4; lastKnownFileType = sourcecode.swift; path = Utilities.swift; sourceTree = "<group>"; };
		45EF0B341F5075DE005791E4 /* TransitionManager.swift */ = {isa = PBXFileReference; fileEncoding = 4; lastKnownFileType = sourcecode.swift; path = TransitionManager.swift; sourceTree = "<group>"; };
		6B04541E64344E56F652E0A3 /* Pods-NhaTro.debug.xcconfig */ = {isa = PBXFileReference; includeInIndex = 1; lastKnownFileType = text.xcconfig; name = "Pods-NhaTro.debug.xcconfig"; path = "Pods/Target Support Files/Pods-NhaTro/Pods-NhaTro.debug.xcconfig"; sourceTree = "<group>"; };
		A549A2A6141EB784B85B84AF /* Pods-NhaTro.release.xcconfig */ = {isa = PBXFileReference; includeInIndex = 1; lastKnownFileType = text.xcconfig; name = "Pods-NhaTro.release.xcconfig"; path = "Pods/Target Support Files/Pods-NhaTro/Pods-NhaTro.release.xcconfig"; sourceTree = "<group>"; };
/* End PBXFileReference section */

/* Begin PBXFrameworksBuildPhase section */
		452E4DCF1F4B16F200F27656 /* Frameworks */ = {
			isa = PBXFrameworksBuildPhase;
			buildActionMask = 2147483647;
			files = (
				8A48120917D31C8DDEF21295 /* Pods_NhaTro.framework in Frameworks */,
			);
			runOnlyForDeploymentPostprocessing = 0;
		};
/* End PBXFrameworksBuildPhase section */

/* Begin PBXGroup section */
		06E7735D548DB02F0E68DEEB /* Frameworks */ = {
			isa = PBXGroup;
			children = (
				40F2C26F16E911A2000CAB81 /* Pods_NhaTro.framework */,
			);
			name = Frameworks;
			sourceTree = "<group>";
		};
		452E4DC91F4B16F100F27656 = {
			isa = PBXGroup;
			children = (
				452E4DD41F4B16F200F27656 /* NhaTro */,
				452E4DD31F4B16F200F27656 /* Products */,
				75A47287B3355DCB6C75BB3C /* Pods */,
				06E7735D548DB02F0E68DEEB /* Frameworks */,
			);
			sourceTree = "<group>";
		};
		452E4DD31F4B16F200F27656 /* Products */ = {
			isa = PBXGroup;
			children = (
				452E4DD21F4B16F200F27656 /* NhaTro.app */,
			);
			name = Products;
			sourceTree = "<group>";
		};
		452E4DD41F4B16F200F27656 /* NhaTro */ = {
			isa = PBXGroup;
			children = (
				452E4DD51F4B16F200F27656 /* AppDelegate.swift */,
				45EF0B071F507127005791E4 /* API */,
				45EF0B121F5073BC005791E4 /* Models */,
				45EF0B0B1F507318005791E4 /* Configs */,
				45EF0B111F50739B005791E4 /* Libraries */,
				45EF0B131F5073E2005791E4 /* Resources */,
				45EF0B141F5073F0005791E4 /* ViewControllers */,
				45EF0B151F5073FA005791E4 /* Views */,
				452E4DE11F4B16F200F27656 /* Info.plist */,
			);
			path = NhaTro;
			sourceTree = "<group>";
		};
		45EF0B071F507127005791E4 /* API */ = {
			isa = PBXGroup;
			children = (
				45EF0B081F50713C005791E4 /* NetworkService */,
			);
			path = API;
			sourceTree = "<group>";
		};
		45EF0B081F50713C005791E4 /* NetworkService */ = {
			isa = PBXGroup;
			children = (
				45EF0B091F50714D005791E4 /* NetworkService.swift */,
			);
			path = NetworkService;
			sourceTree = "<group>";
		};
		45EF0B0B1F507318005791E4 /* Configs */ = {
			isa = PBXGroup;
			children = (
				45EF0B101F507381005791E4 /* Utilities */,
				45EF0B0F1F507376005791E4 /* Helper */,
				45EF0B0E1F507369005791E4 /* Extensions */,
				45EF0B0C1F507349005791E4 /* Constants */,
			);
			path = Configs;
			sourceTree = "<group>";
		};
		45EF0B0C1F507349005791E4 /* Constants */ = {
			isa = PBXGroup;
			children = (
			);
			path = Constants;
			sourceTree = "<group>";
		};
		45EF0B0E1F507369005791E4 /* Extensions */ = {
			isa = PBXGroup;
			children = (
				45EF0B291F507596005791E4 /* CategoriesAddition.swift */,
				45EF0B2A1F507596005791E4 /* UIViewControllerExtension.swift */,
				45EF0B2B1F507596005791E4 /* UIViewExtension.swift */,
			);
			path = Extensions;
			sourceTree = "<group>";
		};
		45EF0B0F1F507376005791E4 /* Helper */ = {
			isa = PBXGroup;
			children = (
				45EF0B2F1F5075A3005791E4 /* ProgressView.swift */,
			);
			path = Helper;
			sourceTree = "<group>";
		};
		45EF0B101F507381005791E4 /* Utilities */ = {
			isa = PBXGroup;
			children = (
				45EF0B311F5075AD005791E4 /* Utilities.swift */,
			);
			path = Utilities;
			sourceTree = "<group>";
		};
		45EF0B111F50739B005791E4 /* Libraries */ = {
			isa = PBXGroup;
			children = (
				45EF0B331F5075D4005791E4 /* TransitionManager */,
				45EF0B241F507559005791E4 /* SWRevealViewController */,
			);
			path = Libraries;
			sourceTree = "<group>";
		};
		45EF0B121F5073BC005791E4 /* Models */ = {
			isa = PBXGroup;
			children = (
			);
			path = Models;
			sourceTree = "<group>";
		};
		45EF0B131F5073E2005791E4 /* Resources */ = {
			isa = PBXGroup;
			children = (
				45EF0B181F50742D005791E4 /* Storyboards */,
				45EF0B171F50741C005791E4 /* Plists */,
				45EF0B161F507411005791E4 /* Images */,
			);
			path = Resources;
			sourceTree = "<group>";
		};
		45EF0B141F5073F0005791E4 /* ViewControllers */ = {
			isa = PBXGroup;
			children = (
				45EF0B1E1F5074C0005791E4 /* Authenticate */,
			);
			path = ViewControllers;
			sourceTree = "<group>";
		};
		45EF0B151F5073FA005791E4 /* Views */ = {
			isa = PBXGroup;
			children = (
			);
			path = Views;
			sourceTree = "<group>";
		};
		45EF0B161F507411005791E4 /* Images */ = {
			isa = PBXGroup;
			children = (
				45EF0B221F50752E005791E4 /* Assets.xcassets */,
			);
			path = Images;
			sourceTree = "<group>";
		};
		45EF0B171F50741C005791E4 /* Plists */ = {
			isa = PBXGroup;
			children = (
			);
			path = Plists;
			sourceTree = "<group>";
		};
		45EF0B181F50742D005791E4 /* Storyboards */ = {
			isa = PBXGroup;
			children = (
				45EF0B191F507443005791E4 /* Main */,
			);
			path = Storyboards;
			sourceTree = "<group>";
		};
		45EF0B191F507443005791E4 /* Main */ = {
			isa = PBXGroup;
			children = (
				45EF0B1A1F50746A005791E4 /* LaunchScreen.storyboard */,
				45EF0B1B1F50746A005791E4 /* Main.storyboard */,
			);
			path = Main;
			sourceTree = "<group>";
		};
		45EF0B1E1F5074C0005791E4 /* Authenticate */ = {
			isa = PBXGroup;
			children = (
				45EF0B1F1F5074CC005791E4 /* LoginVC */,
			);
			path = Authenticate;
			sourceTree = "<group>";
		};
		45EF0B1F1F5074CC005791E4 /* LoginVC */ = {
			isa = PBXGroup;
			children = (
				45EF0B201F5074DB005791E4 /* LoginViewController.swift */,
			);
			path = LoginVC;
			sourceTree = "<group>";
		};
		45EF0B241F507559005791E4 /* SWRevealViewController */ = {
			isa = PBXGroup;
			children = (
				45EF0B261F507578005791E4 /* SWRevealViewController.h */,
				45EF0B271F507578005791E4 /* SWRevealViewController.m */,
				45EF0B251F507577005791E4 /* NhaTro-Bridging-Header.h */,
			);
			path = SWRevealViewController;
			sourceTree = "<group>";
		};
		45EF0B331F5075D4005791E4 /* TransitionManager */ = {
			isa = PBXGroup;
			children = (
				45EF0B341F5075DE005791E4 /* TransitionManager.swift */,
			);
			path = TransitionManager;
			sourceTree = "<group>";
		};
		75A47287B3355DCB6C75BB3C /* Pods */ = {
			isa = PBXGroup;
			children = (
				6B04541E64344E56F652E0A3 /* Pods-NhaTro.debug.xcconfig */,
				A549A2A6141EB784B85B84AF /* Pods-NhaTro.release.xcconfig */,
			);
			name = Pods;
			sourceTree = "<group>";
		};
/* End PBXGroup section */

/* Begin PBXNativeTarget section */
		452E4DD11F4B16F200F27656 /* NhaTro */ = {
			isa = PBXNativeTarget;
			buildConfigurationList = 452E4DE41F4B16F200F27656 /* Build configuration list for PBXNativeTarget "NhaTro" */;
			buildPhases = (
				E0DE478B237D281165151028 /* [CP] Check Pods Manifest.lock */,
				452E4DCE1F4B16F200F27656 /* Sources */,
				452E4DCF1F4B16F200F27656 /* Frameworks */,
				452E4DD01F4B16F200F27656 /* Resources */,
				C1DA908A1EDE784A9E83E7F0 /* [CP] Embed Pods Frameworks */,
				7965DF11AEE46F9A31DEEADF /* [CP] Copy Pods Resources */,
			);
			buildRules = (
			);
			dependencies = (
			);
			name = NhaTro;
			productName = NhaTro;
			productReference = 452E4DD21F4B16F200F27656 /* NhaTro.app */;
			productType = "com.apple.product-type.application";
		};
/* End PBXNativeTarget section */

/* Begin PBXProject section */
		452E4DCA1F4B16F100F27656 /* Project object */ = {
			isa = PBXProject;
			attributes = {
				LastSwiftUpdateCheck = 0830;
				LastUpgradeCheck = 0830;
				ORGANIZATIONNAME = "HOANG HUNG";
				TargetAttributes = {
					452E4DD11F4B16F200F27656 = {
						CreatedOnToolsVersion = 8.3.2;
						DevelopmentTeam = 533G42X52A;
						LastSwiftMigration = 0830;
						ProvisioningStyle = Automatic;
					};
				};
			};
			buildConfigurationList = 452E4DCD1F4B16F100F27656 /* Build configuration list for PBXProject "NhaTro" */;
			compatibilityVersion = "Xcode 3.2";
			developmentRegion = English;
			hasScannedForEncodings = 0;
			knownRegions = (
				en,
				Base,
			);
			mainGroup = 452E4DC91F4B16F100F27656;
			productRefGroup = 452E4DD31F4B16F200F27656 /* Products */;
			projectDirPath = "";
			projectRoot = "";
			targets = (
				452E4DD11F4B16F200F27656 /* NhaTro */,
			);
		};
/* End PBXProject section */

/* Begin PBXResourcesBuildPhase section */
		452E4DD01F4B16F200F27656 /* Resources */ = {
			isa = PBXResourcesBuildPhase;
			buildActionMask = 2147483647;
			files = (
				45EF0B1D1F50746A005791E4 /* Main.storyboard in Resources */,
				45EF0B231F50752E005791E4 /* Assets.xcassets in Resources */,
				45EF0B1C1F50746A005791E4 /* LaunchScreen.storyboard in Resources */,
			);
			runOnlyForDeploymentPostprocessing = 0;
		};
/* End PBXResourcesBuildPhase section */

/* Begin PBXShellScriptBuildPhase section */
		7965DF11AEE46F9A31DEEADF /* [CP] Copy Pods Resources */ = {
			isa = PBXShellScriptBuildPhase;
			buildActionMask = 2147483647;
			files = (
			);
			inputPaths = (
			);
			name = "[CP] Copy Pods Resources";
			outputPaths = (
			);
			runOnlyForDeploymentPostprocessing = 0;
			shellPath = /bin/sh;
			shellScript = "\"${SRCROOT}/Pods/Target Support Files/Pods-NhaTro/Pods-NhaTro-resources.sh\"\n";
			showEnvVarsInLog = 0;
		};
		C1DA908A1EDE784A9E83E7F0 /* [CP] Embed Pods Frameworks */ = {
			isa = PBXShellScriptBuildPhase;
			buildActionMask = 2147483647;
			files = (
			);
			inputPaths = (
			);
			name = "[CP] Embed Pods Frameworks";
			outputPaths = (
			);
			runOnlyForDeploymentPostprocessing = 0;
			shellPath = /bin/sh;
			shellScript = "\"${SRCROOT}/Pods/Target Support Files/Pods-NhaTro/Pods-NhaTro-frameworks.sh\"\n";
			showEnvVarsInLog = 0;
		};
		E0DE478B237D281165151028 /* [CP] Check Pods Manifest.lock */ = {
			isa = PBXShellScriptBuildPhase;
			buildActionMask = 2147483647;
			files = (
			);
			inputPaths = (
			);
			name = "[CP] Check Pods Manifest.lock";
			outputPaths = (
			);
			runOnlyForDeploymentPostprocessing = 0;
			shellPath = /bin/sh;
			shellScript = "diff \"${PODS_ROOT}/../Podfile.lock\" \"${PODS_ROOT}/Manifest.lock\" > /dev/null\nif [ $? != 0 ] ; then\n    # print error to STDERR\n    echo \"error: The sandbox is not in sync with the Podfile.lock. Run 'pod install' or update your CocoaPods installation.\" >&2\n    exit 1\nfi\n";
			showEnvVarsInLog = 0;
		};
/* End PBXShellScriptBuildPhase section */

/* Begin PBXSourcesBuildPhase section */
		452E4DCE1F4B16F200F27656 /* Sources */ = {
			isa = PBXSourcesBuildPhase;
			buildActionMask = 2147483647;
			files = (
				45EF0B2C1F507596005791E4 /* CategoriesAddition.swift in Sources */,
				45EF0B211F5074DB005791E4 /* LoginViewController.swift in Sources */,
				45EF0B2D1F507596005791E4 /* UIViewControllerExtension.swift in Sources */,
				45EF0B0A1F50714D005791E4 /* NetworkService.swift in Sources */,
				45EF0B2E1F507596005791E4 /* UIViewExtension.swift in Sources */,
				45EF0B301F5075A3005791E4 /* ProgressView.swift in Sources */,
				45EF0B351F5075DE005791E4 /* TransitionManager.swift in Sources */,
				45EF0B321F5075AD005791E4 /* Utilities.swift in Sources */,
				452E4DD61F4B16F200F27656 /* AppDelegate.swift in Sources */,
				45EF0B281F507578005791E4 /* SWRevealViewController.m in Sources */,
			);
			runOnlyForDeploymentPostprocessing = 0;
		};
/* End PBXSourcesBuildPhase section */

/* Begin XCBuildConfiguration section */
		452E4DE21F4B16F200F27656 /* Debug */ = {
			isa = XCBuildConfiguration;
			buildSettings = {
				ALWAYS_SEARCH_USER_PATHS = NO;
				CLANG_ANALYZER_NONNULL = YES;
				CLANG_ANALYZER_NUMBER_OBJECT_CONVERSION = YES_AGGRESSIVE;
				CLANG_CXX_LANGUAGE_STANDARD = "gnu++0x";
				CLANG_CXX_LIBRARY = "libc++";
				CLANG_ENABLE_MODULES = YES;
				CLANG_ENABLE_OBJC_ARC = YES;
				CLANG_WARN_BOOL_CONVERSION = YES;
				CLANG_WARN_CONSTANT_CONVERSION = YES;
				CLANG_WARN_DIRECT_OBJC_ISA_USAGE = YES_ERROR;
				CLANG_WARN_DOCUMENTATION_COMMENTS = YES;
				CLANG_WARN_EMPTY_BODY = YES;
				CLANG_WARN_ENUM_CONVERSION = YES;
				CLANG_WARN_INFINITE_RECURSION = YES;
				CLANG_WARN_INT_CONVERSION = YES;
				CLANG_WARN_OBJC_ROOT_CLASS = YES_ERROR;
				CLANG_WARN_SUSPICIOUS_MOVE = YES;
				CLANG_WARN_UNREACHABLE_CODE = YES;
				CLANG_WARN__DUPLICATE_METHOD_MATCH = YES;
				"CODE_SIGN_IDENTITY[sdk=iphoneos*]" = "iPhone Developer";
				COPY_PHASE_STRIP = NO;
				DEBUG_INFORMATION_FORMAT = dwarf;
				ENABLE_STRICT_OBJC_MSGSEND = YES;
				ENABLE_TESTABILITY = YES;
				GCC_C_LANGUAGE_STANDARD = gnu99;
				GCC_DYNAMIC_NO_PIC = NO;
				GCC_NO_COMMON_BLOCKS = YES;
				GCC_OPTIMIZATION_LEVEL = 0;
				GCC_PREPROCESSOR_DEFINITIONS = (
					"DEBUG=1",
					"$(inherited)",
				);
				GCC_WARN_64_TO_32_BIT_CONVERSION = YES;
				GCC_WARN_ABOUT_RETURN_TYPE = YES_ERROR;
				GCC_WARN_UNDECLARED_SELECTOR = YES;
				GCC_WARN_UNINITIALIZED_AUTOS = YES_AGGRESSIVE;
				GCC_WARN_UNUSED_FUNCTION = YES;
				GCC_WARN_UNUSED_VARIABLE = YES;
				IPHONEOS_DEPLOYMENT_TARGET = 10.3;
				MTL_ENABLE_DEBUG_INFO = YES;
				ONLY_ACTIVE_ARCH = YES;
				SDKROOT = iphoneos;
				SWIFT_ACTIVE_COMPILATION_CONDITIONS = DEBUG;
				SWIFT_OPTIMIZATION_LEVEL = "-Onone";
			};
			name = Debug;
		};
		452E4DE31F4B16F200F27656 /* Release */ = {
			isa = XCBuildConfiguration;
			buildSettings = {
				ALWAYS_SEARCH_USER_PATHS = NO;
				CLANG_ANALYZER_NONNULL = YES;
				CLANG_ANALYZER_NUMBER_OBJECT_CONVERSION = YES_AGGRESSIVE;
				CLANG_CXX_LANGUAGE_STANDARD = "gnu++0x";
				CLANG_CXX_LIBRARY = "libc++";
				CLANG_ENABLE_MODULES = YES;
				CLANG_ENABLE_OBJC_ARC = YES;
				CLANG_WARN_BOOL_CONVERSION = YES;
				CLANG_WARN_CONSTANT_CONVERSION = YES;
				CLANG_WARN_DIRECT_OBJC_ISA_USAGE = YES_ERROR;
				CLANG_WARN_DOCUMENTATION_COMMENTS = YES;
				CLANG_WARN_EMPTY_BODY = YES;
				CLANG_WARN_ENUM_CONVERSION = YES;
				CLANG_WARN_INFINITE_RECURSION = YES;
				CLANG_WARN_INT_CONVERSION = YES;
				CLANG_WARN_OBJC_ROOT_CLASS = YES_ERROR;
				CLANG_WARN_SUSPICIOUS_MOVE = YES;
				CLANG_WARN_UNREACHABLE_CODE = YES;
				CLANG_WARN__DUPLICATE_METHOD_MATCH = YES;
				"CODE_SIGN_IDENTITY[sdk=iphoneos*]" = "iPhone Developer";
				COPY_PHASE_STRIP = NO;
				DEBUG_INFORMATION_FORMAT = "dwarf-with-dsym";
				ENABLE_NS_ASSERTIONS = NO;
				ENABLE_STRICT_OBJC_MSGSEND = YES;
				GCC_C_LANGUAGE_STANDARD = gnu99;
				GCC_NO_COMMON_BLOCKS = YES;
				GCC_WARN_64_TO_32_BIT_CONVERSION = YES;
				GCC_WARN_ABOUT_RETURN_TYPE = YES_ERROR;
				GCC_WARN_UNDECLARED_SELECTOR = YES;
				GCC_WARN_UNINITIALIZED_AUTOS = YES_AGGRESSIVE;
				GCC_WARN_UNUSED_FUNCTION = YES;
				GCC_WARN_UNUSED_VARIABLE = YES;
				IPHONEOS_DEPLOYMENT_TARGET = 10.3;
				MTL_ENABLE_DEBUG_INFO = NO;
				SDKROOT = iphoneos;
				SWIFT_OPTIMIZATION_LEVEL = "-Owholemodule";
				VALIDATE_PRODUCT = YES;
			};
			name = Release;
		};
		452E4DE51F4B16F200F27656 /* Debug */ = {
			isa = XCBuildConfiguration;
			baseConfigurationReference = 6B04541E64344E56F652E0A3 /* Pods-NhaTro.debug.xcconfig */;
			buildSettings = {
				ASSETCATALOG_COMPILER_APPICON_NAME = AppIcon;
				CLANG_ENABLE_MODULES = YES;
				"CODE_SIGN_IDENTITY[sdk=iphoneos*]" = "iPhone Developer";
				DEVELOPMENT_TEAM = 533G42X52A;
				INFOPLIST_FILE = NhaTro/Info.plist;
				IPHONEOS_DEPLOYMENT_TARGET = 9.0;
				LD_RUNPATH_SEARCH_PATHS = "$(inherited) @executable_path/Frameworks";
				PRODUCT_BUNDLE_IDENTIFIER = com.nhatro.NhaTro;
				PRODUCT_NAME = "$(TARGET_NAME)";
				PROVISIONING_PROFILE_SPECIFIER = "";
				SWIFT_OBJC_BRIDGING_HEADER = "NhaTro/Libraries/SWRevealViewController/NhaTro-Bridging-Header.h";
				SWIFT_OPTIMIZATION_LEVEL = "-Onone";
				SWIFT_VERSION = 3.0;
			};
			name = Debug;
		};
		452E4DE61F4B16F200F27656 /* Release */ = {
			isa = XCBuildConfiguration;
			baseConfigurationReference = A549A2A6141EB784B85B84AF /* Pods-NhaTro.release.xcconfig */;
			buildSettings = {
				ASSETCATALOG_COMPILER_APPICON_NAME = AppIcon;
				CLANG_ENABLE_MODULES = YES;
				"CODE_SIGN_IDENTITY[sdk=iphoneos*]" = "iPhone Developer";
				DEVELOPMENT_TEAM = 533G42X52A;
				INFOPLIST_FILE = NhaTro/Info.plist;
				IPHONEOS_DEPLOYMENT_TARGET = 9.0;
				LD_RUNPATH_SEARCH_PATHS = "$(inherited) @executable_path/Frameworks";
				PRODUCT_BUNDLE_IDENTIFIER = com.nhatro.NhaTro;
				PRODUCT_NAME = "$(TARGET_NAME)";
				PROVISIONING_PROFILE_SPECIFIER = "";
				SWIFT_OBJC_BRIDGING_HEADER = "NhaTro/Libraries/SWRevealViewController/NhaTro-Bridging-Header.h";
				SWIFT_VERSION = 3.0;
			};
			name = Release;
		};
/* End XCBuildConfiguration section */

/* Begin XCConfigurationList section */
		452E4DCD1F4B16F100F27656 /* Build configuration list for PBXProject "NhaTro" */ = {
			isa = XCConfigurationList;
			buildConfigurations = (
				452E4DE21F4B16F200F27656 /* Debug */,
				452E4DE31F4B16F200F27656 /* Release */,
			);
			defaultConfigurationIsVisible = 0;
			defaultConfigurationName = Release;
		};
		452E4DE41F4B16F200F27656 /* Build configuration list for PBXNativeTarget "NhaTro" */ = {
			isa = XCConfigurationList;
			buildConfigurations = (
				452E4DE51F4B16F200F27656 /* Debug */,
				452E4DE61F4B16F200F27656 /* Release */,
			);
			defaultConfigurationIsVisible = 0;
			defaultConfigurationName = Release;
		};
/* End XCConfigurationList section */
	};
	rootObject = 452E4DCA1F4B16F100F27656 /* Project object */;
}
