// !$*UTF8*$!
{
	archiveVersion = 1;
	classes = {
	};
	objectVersion = 46;
	objects = {

/* Begin PBXBuildFile section */
		45039C351F5B9C35001DD70A /* Constants.swift in Sources */ = {isa = PBXBuildFile; fileRef = 45039C341F5B9C35001DD70A /* Constants.swift */; };
		4519F9841F5AB0D30035AA85 /* XMSegmentedControl.swift in Sources */ = {isa = PBXBuildFile; fileRef = 4519F9831F5AB0D30035AA85 /* XMSegmentedControl.swift */; };
		452E4DD61F4B16F200F27656 /* AppDelegate.swift in Sources */ = {isa = PBXBuildFile; fileRef = 452E4DD51F4B16F200F27656 /* AppDelegate.swift */; };
		453C6A1F1F62D29300F856D8 /* GoogleService-Info.plist in Resources */ = {isa = PBXBuildFile; fileRef = 453C6A1E1F62D29300F856D8 /* GoogleService-Info.plist */; };
		45429C8A1F8662DA0019493C /* InfoViewController.swift in Sources */ = {isa = PBXBuildFile; fileRef = 45429C891F8662DA0019493C /* InfoViewController.swift */; };
		4550B5901F87BBE200E0F43B /* ChangePassViewController.swift in Sources */ = {isa = PBXBuildFile; fileRef = 4550B58F1F87BBE200E0F43B /* ChangePassViewController.swift */; };
		455131981F7928B900BD731A /* MenuViewController.swift in Sources */ = {isa = PBXBuildFile; fileRef = 455131971F7928B900BD731A /* MenuViewController.swift */; };
		4551319B1F7929C000BD731A /* MenuCell.xib in Resources */ = {isa = PBXBuildFile; fileRef = 4551319A1F7929C000BD731A /* MenuCell.xib */; };
		4551319D1F792B3000BD731A /* MenuCell.swift in Sources */ = {isa = PBXBuildFile; fileRef = 4551319C1F792B3000BD731A /* MenuCell.swift */; };
		4551319F1F793D7000BD731A /* Params.swift in Sources */ = {isa = PBXBuildFile; fileRef = 4551319E1F793D7000BD731A /* Params.swift */; };
		457D32D21F7BE01E00C54E91 /* User.swift in Sources */ = {isa = PBXBuildFile; fileRef = 457D32D11F7BE01E00C54E91 /* User.swift */; };
		457D32D41F7BE35700C54E91 /* DataHandle.swift in Sources */ = {isa = PBXBuildFile; fileRef = 457D32D31F7BE35700C54E91 /* DataHandle.swift */; };
		457D32D61F7BE37100C54E91 /* ParseDataSignIn.swift in Sources */ = {isa = PBXBuildFile; fileRef = 457D32D51F7BE37100C54E91 /* ParseDataSignIn.swift */; };
		458D62FD1F72926B00D8CD80 /* FavoriteViewController.swift in Sources */ = {isa = PBXBuildFile; fileRef = 458D62FC1F72926B00D8CD80 /* FavoriteViewController.swift */; };
		458D63001F7292FE00D8CD80 /* PostViewController.swift in Sources */ = {isa = PBXBuildFile; fileRef = 458D62FF1F7292FE00D8CD80 /* PostViewController.swift */; };
		458D630F1F72CDCC00D8CD80 /* NhaTroNavigationVC.swift in Sources */ = {isa = PBXBuildFile; fileRef = 458D630C1F72CDCC00D8CD80 /* NhaTroNavigationVC.swift */; };
		458D63101F72CDCC00D8CD80 /* TabBarViewController.swift in Sources */ = {isa = PBXBuildFile; fileRef = 458D630E1F72CDCC00D8CD80 /* TabBarViewController.swift */; };
		45EF0B0A1F50714D005791E4 /* NetworkService.swift in Sources */ = {isa = PBXBuildFile; fileRef = 45EF0B091F50714D005791E4 /* NetworkService.swift */; };
		45EF0B1C1F50746A005791E4 /* LaunchScreen.storyboard in Resources */ = {isa = PBXBuildFile; fileRef = 45EF0B1A1F50746A005791E4 /* LaunchScreen.storyboard */; };
		45EF0B1D1F50746A005791E4 /* Main.storyboard in Resources */ = {isa = PBXBuildFile; fileRef = 45EF0B1B1F50746A005791E4 /* Main.storyboard */; };
		45EF0B211F5074DB005791E4 /* LoginViewController.swift in Sources */ = {isa = PBXBuildFile; fileRef = 45EF0B201F5074DB005791E4 /* LoginViewController.swift */; };
		45EF0B231F50752E005791E4 /* Assets.xcassets in Resources */ = {isa = PBXBuildFile; fileRef = 45EF0B221F50752E005791E4 /* Assets.xcassets */; };
		45EF0B281F507578005791E4 /* SWRevealViewController.m in Sources */ = {isa = PBXBuildFile; fileRef = 45EF0B271F507578005791E4 /* SWRevealViewController.m */; };
		45EF0B2C1F507596005791E4 /* CategoriesAddition.swift in Sources */ = {isa = PBXBuildFile; fileRef = 45EF0B291F507596005791E4 /* CategoriesAddition.swift */; };
		45EF0B2D1F507596005791E4 /* UIViewControllerExtension.swift in Sources */ = {isa = PBXBuildFile; fileRef = 45EF0B2A1F507596005791E4 /* UIViewControllerExtension.swift */; };
		45EF0B2E1F507596005791E4 /* UIViewExtension.swift in Sources */ = {isa = PBXBuildFile; fileRef = 45EF0B2B1F507596005791E4 /* UIViewExtension.swift */; };
		45EF0B301F5075A3005791E4 /* ProgressView.swift in Sources */ = {isa = PBXBuildFile; fileRef = 45EF0B2F1F5075A3005791E4 /* ProgressView.swift */; };
		45EF0B321F5075AD005791E4 /* Utilities.swift in Sources */ = {isa = PBXBuildFile; fileRef = 45EF0B311F5075AD005791E4 /* Utilities.swift */; };
		45EF0B351F5075DE005791E4 /* TransitionManager.swift in Sources */ = {isa = PBXBuildFile; fileRef = 45EF0B341F5075DE005791E4 /* TransitionManager.swift */; };
		45FF15271F6E408300473B18 /* CenturyGothic.ttf in Resources */ = {isa = PBXBuildFile; fileRef = 4519F9861F5AB6590035AA85 /* CenturyGothic.ttf */; };
		45FF15281F6E408300473B18 /* GOTHIC.TTF in Resources */ = {isa = PBXBuildFile; fileRef = 4519F9871F5AB6590035AA85 /* GOTHIC.TTF */; };
		45FF15291F6E408300473B18 /* gothicb.ttf in Resources */ = {isa = PBXBuildFile; fileRef = 4519F9881F5AB6590035AA85 /* gothicb.ttf */; };
		45FF152A1F6E408300473B18 /* GOTHICB0.TTF in Resources */ = {isa = PBXBuildFile; fileRef = 4519F9891F5AB6590035AA85 /* GOTHICB0.TTF */; };
		45FF152B1F6E408300473B18 /* GOTHICBI.TTF in Resources */ = {isa = PBXBuildFile; fileRef = 4519F98A1F5AB6590035AA85 /* GOTHICBI.TTF */; };
		45FF152C1F6E408300473B18 /* gothici.ttf in Resources */ = {isa = PBXBuildFile; fileRef = 4519F98B1F5AB6590035AA85 /* gothici.ttf */; };
		8A48120917D31C8DDEF21295 /* Pods_NhaTro.framework in Frameworks */ = {isa = PBXBuildFile; fileRef = 40F2C26F16E911A2000CAB81 /* Pods_NhaTro.framework */; };
		B741D6071F6B8D0300C11EE7 /* Home.storyboard in Resources */ = {isa = PBXBuildFile; fileRef = B741D6061F6B8D0300C11EE7 /* Home.storyboard */; };
		B741D60E1F6B8FAE00C11EE7 /* HomePageViewController.swift in Sources */ = {isa = PBXBuildFile; fileRef = B741D60D1F6B8FAE00C11EE7 /* HomePageViewController.swift */; };
		B741D6151F6BC38000C11EE7 /* HomePageCollectionViewCell.swift in Sources */ = {isa = PBXBuildFile; fileRef = B741D6141F6BC38000C11EE7 /* HomePageCollectionViewCell.swift */; };
		B741D6171F6E1BA200C11EE7 /* HomePageCell.xib in Resources */ = {isa = PBXBuildFile; fileRef = B741D6161F6E1BA200C11EE7 /* HomePageCell.xib */; };
		B743F5001F74C27200122804 /* G8SliderStep.swift in Sources */ = {isa = PBXBuildFile; fileRef = B743F4FF1F74C27200122804 /* G8SliderStep.swift */; };
		B7504C7A1F5BB73D00C1730D /* VerifyViewController.swift in Sources */ = {isa = PBXBuildFile; fileRef = B7504C791F5BB73D00C1730D /* VerifyViewController.swift */; };
		B77B75251F73E5E500B1E888 /* MapViewController.swift in Sources */ = {isa = PBXBuildFile; fileRef = B77B75241F73E5E500B1E888 /* MapViewController.swift */; };
		B77B75281F74109400B1E888 /* GoogleMap.swift in Sources */ = {isa = PBXBuildFile; fileRef = B77B75271F74109400B1E888 /* GoogleMap.swift */; };
		B77B752D1F7416C700B1E888 /* InfoWinDow.xib in Resources */ = {isa = PBXBuildFile; fileRef = B77B752C1F7416C700B1E888 /* InfoWinDow.xib */; };
		B77B752F1F7417BE00B1E888 /* InfoWinDowView.swift in Sources */ = {isa = PBXBuildFile; fileRef = B77B752E1F7417BE00B1E888 /* InfoWinDowView.swift */; };
		B77BB0011F775BE800A24DBE /* DetailHostel.xib in Resources */ = {isa = PBXBuildFile; fileRef = B77BB0001F775BE800A24DBE /* DetailHostel.xib */; };
		B77BB0041F77650700A24DBE /* DetailHostelViewController.swift in Sources */ = {isa = PBXBuildFile; fileRef = B77BB0031F77650700A24DBE /* DetailHostelViewController.swift */; };
		B77BB0061F7766CF00A24DBE /* DetailHostelView.swift in Sources */ = {isa = PBXBuildFile; fileRef = B77BB0051F7766CF00A24DBE /* DetailHostelView.swift */; };
		B77BB0091F77FF8700A24DBE /* SignInViewController.swift in Sources */ = {isa = PBXBuildFile; fileRef = B77BB0081F77FF8700A24DBE /* SignInViewController.swift */; };
		B77C15F81F5A507000D03921 /* RegisterViewController.swift in Sources */ = {isa = PBXBuildFile; fileRef = B77C15F71F5A507000D03921 /* RegisterViewController.swift */; };
		B77C16381F5A542300D03921 /* SPAnimation.swift in Sources */ = {isa = PBXBuildFile; fileRef = B77C15FB1F5A542300D03921 /* SPAnimation.swift */; };
		B77C16391F5A542300D03921 /* SPAnimationSpring.swift in Sources */ = {isa = PBXBuildFile; fileRef = B77C15FC1F5A542300D03921 /* SPAnimationSpring.swift */; };
		B77C163A1F5A542300D03921 /* SPAnimationUpward.swift in Sources */ = {isa = PBXBuildFile; fileRef = B77C15FD1F5A542300D03921 /* SPAnimationUpward.swift */; };
		B77C163B1F5A542300D03921 /* SPAudioPlayer.swift in Sources */ = {isa = PBXBuildFile; fileRef = B77C15FF1F5A542300D03921 /* SPAudioPlayer.swift */; };
		B77C163C1F5A542300D03921 /* SPUIColorExtenshion.swift in Sources */ = {isa = PBXBuildFile; fileRef = B77C16011F5A542300D03921 /* SPUIColorExtenshion.swift */; };
		B77C163D1F5A542300D03921 /* SPConstraintsAssistent.swift in Sources */ = {isa = PBXBuildFile; fileRef = B77C16031F5A542300D03921 /* SPConstraintsAssistent.swift */; };
		B77C163E1F5A542300D03921 /* SPDelay.swift in Sources */ = {isa = PBXBuildFile; fileRef = B77C16051F5A542300D03921 /* SPDelay.swift */; };
		B77C163F1F5A542300D03921 /* SPUIDeviceExtenshion.swift in Sources */ = {isa = PBXBuildFile; fileRef = B77C16071F5A542300D03921 /* SPUIDeviceExtenshion.swift */; };
		B77C16401F5A542300D03921 /* SPBezierPathFigure.swift in Sources */ = {isa = PBXBuildFile; fileRef = B77C160A1F5A542300D03921 /* SPBezierPathFigure.swift */; };
		B77C16411F5A542300D03921 /* SPUIImageExtenshion.swift in Sources */ = {isa = PBXBuildFile; fileRef = B77C160C1F5A542300D03921 /* SPUIImageExtenshion.swift */; };
		B77C16421F5A542300D03921 /* SPInternetConnection.swift in Sources */ = {isa = PBXBuildFile; fileRef = B77C160E1F5A542300D03921 /* SPInternetConnection.swift */; };
		B77C16431F5A542300D03921 /* SPLaunchAnimationTwitterExtenshion.swift in Sources */ = {isa = PBXBuildFile; fileRef = B77C16121F5A542300D03921 /* SPLaunchAnimationTwitterExtenshion.swift */; };
		B77C16441F5A542300D03921 /* SPLaunchAnimationSlideExtenshion.swift in Sources */ = {isa = PBXBuildFile; fileRef = B77C16141F5A542300D03921 /* SPLaunchAnimationSlideExtenshion.swift */; };
		B77C16451F5A542300D03921 /* SPLaunchAnimation.swift in Sources */ = {isa = PBXBuildFile; fileRef = B77C16151F5A542300D03921 /* SPLaunchAnimation.swift */; };
		B77C16461F5A542300D03921 /* SPRandom.swift in Sources */ = {isa = PBXBuildFile; fileRef = B77C16171F5A542300D03921 /* SPRandom.swift */; };
		B77C16471F5A542300D03921 /* SPExtenshionViewController.swift in Sources */ = {isa = PBXBuildFile; fileRef = B77C161A1F5A542300D03921 /* SPExtenshionViewController.swift */; };
		B77C16481F5A542300D03921 /* SPGradientViewController.swift in Sources */ = {isa = PBXBuildFile; fileRef = B77C161B1F5A542300D03921 /* SPGradientViewController.swift */; };
		B77C16491F5A542300D03921 /* SPPageItemsScallingViewController.swift in Sources */ = {isa = PBXBuildFile; fileRef = B77C161C1F5A542300D03921 /* SPPageItemsScallingViewController.swift */; };
		B77C164A1F5A542300D03921 /* SPParalaxTableViewController.swift in Sources */ = {isa = PBXBuildFile; fileRef = B77C161D1F5A542300D03921 /* SPParalaxTableViewController.swift */; };
		B77C164B1F5A542300D03921 /* SPIconsButton.swift in Sources */ = {isa = PBXBuildFile; fileRef = B77C16201F5A542300D03921 /* SPIconsButton.swift */; };
		B77C164C1F5A542300D03921 /* SPLinesCircleButtonsView.swift in Sources */ = {isa = PBXBuildFile; fileRef = B77C16211F5A542300D03921 /* SPLinesCircleButtonsView.swift */; };
		B77C164D1F5A542300D03921 /* SPRoundButton.swift in Sources */ = {isa = PBXBuildFile; fileRef = B77C16221F5A542300D03921 /* SPRoundButton.swift */; };
		B77C164E1F5A542300D03921 /* SPSegmentControllCell.swift in Sources */ = {isa = PBXBuildFile; fileRef = B77C16241F5A542300D03921 /* SPSegmentControllCell.swift */; };
		B77C164F1F5A542300D03921 /* SPSegmentControlProtocol.swift in Sources */ = {isa = PBXBuildFile; fileRef = B77C16251F5A542300D03921 /* SPSegmentControlProtocol.swift */; };
		B77C16501F5A542300D03921 /* SPSegmentControlStyleProtocol.swift in Sources */ = {isa = PBXBuildFile; fileRef = B77C16261F5A542300D03921 /* SPSegmentControlStyleProtocol.swift */; };
		B77C16511F5A542300D03921 /* SPSegmentedControl.swift in Sources */ = {isa = PBXBuildFile; fileRef = B77C16271F5A542300D03921 /* SPSegmentedControl.swift */; };
		B77C16521F5A542300D03921 /* SPCollectionViewCell.swift in Sources */ = {isa = PBXBuildFile; fileRef = B77C162B1F5A542300D03921 /* SPCollectionViewCell.swift */; };
		B77C16531F5A542300D03921 /* SPPageItemsScalingCollectionView.swift in Sources */ = {isa = PBXBuildFile; fileRef = B77C162D1F5A542300D03921 /* SPPageItemsScalingCollectionView.swift */; };
		B77C16541F5A542300D03921 /* SPPageItemsScalingCollectionLayout.swift in Sources */ = {isa = PBXBuildFile; fileRef = B77C162F1F5A542300D03921 /* SPPageItemsScalingCollectionLayout.swift */; };
		B77C16551F5A542300D03921 /* SPParallaxTableViewCell.swift in Sources */ = {isa = PBXBuildFile; fileRef = B77C16321F5A542300D03921 /* SPParallaxTableViewCell.swift */; };
		B77C16561F5A542300D03921 /* SPBlurView.swift in Sources */ = {isa = PBXBuildFile; fileRef = B77C16341F5A542300D03921 /* SPBlurView.swift */; };
		B77C16571F5A542300D03921 /* SPGradientView.swift in Sources */ = {isa = PBXBuildFile; fileRef = B77C16351F5A542300D03921 /* SPGradientView.swift */; };
		B77C16581F5A542300D03921 /* SPUILabelExtenshion.swift in Sources */ = {isa = PBXBuildFile; fileRef = B77C16361F5A542300D03921 /* SPUILabelExtenshion.swift */; };
		B77C16591F5A542300D03921 /* SPUIViewExtenshion.swift in Sources */ = {isa = PBXBuildFile; fileRef = B77C16371F5A542300D03921 /* SPUIViewExtenshion.swift */; };
		B77C165B1F5A5B4300D03921 /* Color.swift in Sources */ = {isa = PBXBuildFile; fileRef = B77C165A1F5A5B4300D03921 /* Color.swift */; };
		B77D29421F62D19800C8F9D5 /* Facebook.swift in Sources */ = {isa = PBXBuildFile; fileRef = B77D29411F62D19800C8F9D5 /* Facebook.swift */; };
		B77D29441F62D1A400C8F9D5 /* Google.swift in Sources */ = {isa = PBXBuildFile; fileRef = B77D29431F62D1A400C8F9D5 /* Google.swift */; };
		B7C364DC1F960294009DFF61 /* ImageCollectionViewCell.swift in Sources */ = {isa = PBXBuildFile; fileRef = B7C364DB1F960294009DFF61 /* ImageCollectionViewCell.swift */; };
		B7E7D9EC1F5D00AF00152640 /* FBSDKCoreKit.framework in Frameworks */ = {isa = PBXBuildFile; fileRef = B7E7D9E91F5D00AF00152640 /* FBSDKCoreKit.framework */; };
		B7E7D9ED1F5D00AF00152640 /* FBSDKLoginKit.framework in Frameworks */ = {isa = PBXBuildFile; fileRef = B7E7D9EA1F5D00AF00152640 /* FBSDKLoginKit.framework */; };
		B7E7D9EE1F5D00AF00152640 /* FBSDKShareKit.framework in Frameworks */ = {isa = PBXBuildFile; fileRef = B7E7D9EB1F5D00AF00152640 /* FBSDKShareKit.framework */; };
/* End PBXBuildFile section */

/* Begin PBXFileReference section */
		40F2C26F16E911A2000CAB81 /* Pods_NhaTro.framework */ = {isa = PBXFileReference; explicitFileType = wrapper.framework; includeInIndex = 0; path = Pods_NhaTro.framework; sourceTree = BUILT_PRODUCTS_DIR; };
		45039C341F5B9C35001DD70A /* Constants.swift */ = {isa = PBXFileReference; fileEncoding = 4; lastKnownFileType = sourcecode.swift; path = Constants.swift; sourceTree = "<group>"; };
		4519F9831F5AB0D30035AA85 /* XMSegmentedControl.swift */ = {isa = PBXFileReference; fileEncoding = 4; lastKnownFileType = sourcecode.swift; path = XMSegmentedControl.swift; sourceTree = "<group>"; };
		4519F9861F5AB6590035AA85 /* CenturyGothic.ttf */ = {isa = PBXFileReference; lastKnownFileType = file; path = CenturyGothic.ttf; sourceTree = "<group>"; };
		4519F9871F5AB6590035AA85 /* GOTHIC.TTF */ = {isa = PBXFileReference; lastKnownFileType = file; path = GOTHIC.TTF; sourceTree = "<group>"; };
		4519F9881F5AB6590035AA85 /* gothicb.ttf */ = {isa = PBXFileReference; lastKnownFileType = file; path = gothicb.ttf; sourceTree = "<group>"; };
		4519F9891F5AB6590035AA85 /* GOTHICB0.TTF */ = {isa = PBXFileReference; lastKnownFileType = file; path = GOTHICB0.TTF; sourceTree = "<group>"; };
		4519F98A1F5AB6590035AA85 /* GOTHICBI.TTF */ = {isa = PBXFileReference; lastKnownFileType = file; path = GOTHICBI.TTF; sourceTree = "<group>"; };
		4519F98B1F5AB6590035AA85 /* gothici.ttf */ = {isa = PBXFileReference; lastKnownFileType = file; path = gothici.ttf; sourceTree = "<group>"; };
		452E4DD21F4B16F200F27656 /* NhaTro.app */ = {isa = PBXFileReference; explicitFileType = wrapper.application; includeInIndex = 0; path = NhaTro.app; sourceTree = BUILT_PRODUCTS_DIR; };
		452E4DD51F4B16F200F27656 /* AppDelegate.swift */ = {isa = PBXFileReference; lastKnownFileType = sourcecode.swift; path = AppDelegate.swift; sourceTree = "<group>"; };
		452E4DE11F4B16F200F27656 /* Info.plist */ = {isa = PBXFileReference; lastKnownFileType = text.plist.xml; path = Info.plist; sourceTree = "<group>"; };
		453C6A1E1F62D29300F856D8 /* GoogleService-Info.plist */ = {isa = PBXFileReference; fileEncoding = 4; lastKnownFileType = text.plist.xml; path = "GoogleService-Info.plist"; sourceTree = "<group>"; };
		45429C891F8662DA0019493C /* InfoViewController.swift */ = {isa = PBXFileReference; fileEncoding = 4; lastKnownFileType = sourcecode.swift; path = InfoViewController.swift; sourceTree = "<group>"; };
		4550B58F1F87BBE200E0F43B /* ChangePassViewController.swift */ = {isa = PBXFileReference; fileEncoding = 4; lastKnownFileType = sourcecode.swift; path = ChangePassViewController.swift; sourceTree = "<group>"; };
		455131971F7928B900BD731A /* MenuViewController.swift */ = {isa = PBXFileReference; fileEncoding = 4; lastKnownFileType = sourcecode.swift; path = MenuViewController.swift; sourceTree = "<group>"; };
		4551319A1F7929C000BD731A /* MenuCell.xib */ = {isa = PBXFileReference; fileEncoding = 4; lastKnownFileType = file.xib; path = MenuCell.xib; sourceTree = "<group>"; };
		4551319C1F792B3000BD731A /* MenuCell.swift */ = {isa = PBXFileReference; fileEncoding = 4; lastKnownFileType = sourcecode.swift; path = MenuCell.swift; sourceTree = "<group>"; };
		4551319E1F793D7000BD731A /* Params.swift */ = {isa = PBXFileReference; fileEncoding = 4; lastKnownFileType = sourcecode.swift; path = Params.swift; sourceTree = "<group>"; };
		457D32D11F7BE01E00C54E91 /* User.swift */ = {isa = PBXFileReference; fileEncoding = 4; lastKnownFileType = sourcecode.swift; path = User.swift; sourceTree = "<group>"; };
		457D32D31F7BE35700C54E91 /* DataHandle.swift */ = {isa = PBXFileReference; fileEncoding = 4; lastKnownFileType = sourcecode.swift; path = DataHandle.swift; sourceTree = "<group>"; };
		457D32D51F7BE37100C54E91 /* ParseDataSignIn.swift */ = {isa = PBXFileReference; fileEncoding = 4; lastKnownFileType = sourcecode.swift; path = ParseDataSignIn.swift; sourceTree = "<group>"; };
		458D62FC1F72926B00D8CD80 /* FavoriteViewController.swift */ = {isa = PBXFileReference; fileEncoding = 4; lastKnownFileType = sourcecode.swift; path = FavoriteViewController.swift; sourceTree = "<group>"; };
		458D62FF1F7292FE00D8CD80 /* PostViewController.swift */ = {isa = PBXFileReference; fileEncoding = 4; lastKnownFileType = sourcecode.swift; path = PostViewController.swift; sourceTree = "<group>"; };
		458D630C1F72CDCC00D8CD80 /* NhaTroNavigationVC.swift */ = {isa = PBXFileReference; fileEncoding = 4; lastKnownFileType = sourcecode.swift; path = NhaTroNavigationVC.swift; sourceTree = "<group>"; };
		458D630E1F72CDCC00D8CD80 /* TabBarViewController.swift */ = {isa = PBXFileReference; fileEncoding = 4; lastKnownFileType = sourcecode.swift; path = TabBarViewController.swift; sourceTree = "<group>"; };
		45EF0B091F50714D005791E4 /* NetworkService.swift */ = {isa = PBXFileReference; fileEncoding = 4; lastKnownFileType = sourcecode.swift; path = NetworkService.swift; sourceTree = "<group>"; };
		45EF0B1A1F50746A005791E4 /* LaunchScreen.storyboard */ = {isa = PBXFileReference; fileEncoding = 4; lastKnownFileType = file.storyboard; path = LaunchScreen.storyboard; sourceTree = "<group>"; };
		45EF0B1B1F50746A005791E4 /* Main.storyboard */ = {isa = PBXFileReference; fileEncoding = 4; lastKnownFileType = file.storyboard; path = Main.storyboard; sourceTree = "<group>"; };
		45EF0B201F5074DB005791E4 /* LoginViewController.swift */ = {isa = PBXFileReference; fileEncoding = 4; lastKnownFileType = sourcecode.swift; path = LoginViewController.swift; sourceTree = "<group>"; };
		45EF0B221F50752E005791E4 /* Assets.xcassets */ = {isa = PBXFileReference; lastKnownFileType = folder.assetcatalog; path = Assets.xcassets; sourceTree = "<group>"; };
		45EF0B251F507577005791E4 /* NhaTro-Bridging-Header.h */ = {isa = PBXFileReference; lastKnownFileType = sourcecode.c.h; path = "NhaTro-Bridging-Header.h"; sourceTree = "<group>"; };
		45EF0B261F507578005791E4 /* SWRevealViewController.h */ = {isa = PBXFileReference; fileEncoding = 4; lastKnownFileType = sourcecode.c.h; path = SWRevealViewController.h; sourceTree = "<group>"; };
		45EF0B271F507578005791E4 /* SWRevealViewController.m */ = {isa = PBXFileReference; fileEncoding = 4; lastKnownFileType = sourcecode.c.objc; path = SWRevealViewController.m; sourceTree = "<group>"; };
		45EF0B291F507596005791E4 /* CategoriesAddition.swift */ = {isa = PBXFileReference; fileEncoding = 4; lastKnownFileType = sourcecode.swift; path = CategoriesAddition.swift; sourceTree = "<group>"; };
		45EF0B2A1F507596005791E4 /* UIViewControllerExtension.swift */ = {isa = PBXFileReference; fileEncoding = 4; lastKnownFileType = sourcecode.swift; path = UIViewControllerExtension.swift; sourceTree = "<group>"; };
		45EF0B2B1F507596005791E4 /* UIViewExtension.swift */ = {isa = PBXFileReference; fileEncoding = 4; lastKnownFileType = sourcecode.swift; path = UIViewExtension.swift; sourceTree = "<group>"; };
		45EF0B2F1F5075A3005791E4 /* ProgressView.swift */ = {isa = PBXFileReference; fileEncoding = 4; lastKnownFileType = sourcecode.swift; path = ProgressView.swift; sourceTree = "<group>"; };
		45EF0B311F5075AD005791E4 /* Utilities.swift */ = {isa = PBXFileReference; fileEncoding = 4; lastKnownFileType = sourcecode.swift; path = Utilities.swift; sourceTree = "<group>"; };
		45EF0B341F5075DE005791E4 /* TransitionManager.swift */ = {isa = PBXFileReference; fileEncoding = 4; lastKnownFileType = sourcecode.swift; path = TransitionManager.swift; sourceTree = "<group>"; };
		6B04541E64344E56F652E0A3 /* Pods-NhaTro.debug.xcconfig */ = {isa = PBXFileReference; includeInIndex = 1; lastKnownFileType = text.xcconfig; name = "Pods-NhaTro.debug.xcconfig"; path = "Pods/Target Support Files/Pods-NhaTro/Pods-NhaTro.debug.xcconfig"; sourceTree = "<group>"; };
		A549A2A6141EB784B85B84AF /* Pods-NhaTro.release.xcconfig */ = {isa = PBXFileReference; includeInIndex = 1; lastKnownFileType = text.xcconfig; name = "Pods-NhaTro.release.xcconfig"; path = "Pods/Target Support Files/Pods-NhaTro/Pods-NhaTro.release.xcconfig"; sourceTree = "<group>"; };
		B741D6061F6B8D0300C11EE7 /* Home.storyboard */ = {isa = PBXFileReference; fileEncoding = 4; lastKnownFileType = file.storyboard; path = Home.storyboard; sourceTree = "<group>"; };
		B741D60D1F6B8FAE00C11EE7 /* HomePageViewController.swift */ = {isa = PBXFileReference; fileEncoding = 4; lastKnownFileType = sourcecode.swift; path = HomePageViewController.swift; sourceTree = "<group>"; };
		B741D6141F6BC38000C11EE7 /* HomePageCollectionViewCell.swift */ = {isa = PBXFileReference; fileEncoding = 4; lastKnownFileType = sourcecode.swift; path = HomePageCollectionViewCell.swift; sourceTree = "<group>"; };
		B741D6161F6E1BA200C11EE7 /* HomePageCell.xib */ = {isa = PBXFileReference; fileEncoding = 4; lastKnownFileType = file.xib; path = HomePageCell.xib; sourceTree = "<group>"; };
		B743F4FF1F74C27200122804 /* G8SliderStep.swift */ = {isa = PBXFileReference; fileEncoding = 4; lastKnownFileType = sourcecode.swift; path = G8SliderStep.swift; sourceTree = "<group>"; };
		B7504C791F5BB73D00C1730D /* VerifyViewController.swift */ = {isa = PBXFileReference; fileEncoding = 4; lastKnownFileType = sourcecode.swift; path = VerifyViewController.swift; sourceTree = "<group>"; };
		B77B75241F73E5E500B1E888 /* MapViewController.swift */ = {isa = PBXFileReference; fileEncoding = 4; lastKnownFileType = sourcecode.swift; path = MapViewController.swift; sourceTree = "<group>"; };
		B77B75271F74109400B1E888 /* GoogleMap.swift */ = {isa = PBXFileReference; fileEncoding = 4; lastKnownFileType = sourcecode.swift; path = GoogleMap.swift; sourceTree = "<group>"; };
		B77B752C1F7416C700B1E888 /* InfoWinDow.xib */ = {isa = PBXFileReference; fileEncoding = 4; lastKnownFileType = file.xib; path = InfoWinDow.xib; sourceTree = "<group>"; };
		B77B752E1F7417BE00B1E888 /* InfoWinDowView.swift */ = {isa = PBXFileReference; fileEncoding = 4; lastKnownFileType = sourcecode.swift; path = InfoWinDowView.swift; sourceTree = "<group>"; };
		B77BB0001F775BE800A24DBE /* DetailHostel.xib */ = {isa = PBXFileReference; fileEncoding = 4; lastKnownFileType = file.xib; path = DetailHostel.xib; sourceTree = "<group>"; };
		B77BB0031F77650700A24DBE /* DetailHostelViewController.swift */ = {isa = PBXFileReference; fileEncoding = 4; lastKnownFileType = sourcecode.swift; path = DetailHostelViewController.swift; sourceTree = "<group>"; };
		B77BB0051F7766CF00A24DBE /* DetailHostelView.swift */ = {isa = PBXFileReference; fileEncoding = 4; lastKnownFileType = sourcecode.swift; path = DetailHostelView.swift; sourceTree = "<group>"; };
		B77BB0081F77FF8700A24DBE /* SignInViewController.swift */ = {isa = PBXFileReference; fileEncoding = 4; lastKnownFileType = sourcecode.swift; path = SignInViewController.swift; sourceTree = "<group>"; };
		B77C15F71F5A507000D03921 /* RegisterViewController.swift */ = {isa = PBXFileReference; fileEncoding = 4; lastKnownFileType = sourcecode.swift; path = RegisterViewController.swift; sourceTree = "<group>"; };
		B77C15FB1F5A542300D03921 /* SPAnimation.swift */ = {isa = PBXFileReference; fileEncoding = 4; lastKnownFileType = sourcecode.swift; path = SPAnimation.swift; sourceTree = "<group>"; };
		B77C15FC1F5A542300D03921 /* SPAnimationSpring.swift */ = {isa = PBXFileReference; fileEncoding = 4; lastKnownFileType = sourcecode.swift; path = SPAnimationSpring.swift; sourceTree = "<group>"; };
		B77C15FD1F5A542300D03921 /* SPAnimationUpward.swift */ = {isa = PBXFileReference; fileEncoding = 4; lastKnownFileType = sourcecode.swift; path = SPAnimationUpward.swift; sourceTree = "<group>"; };
		B77C15FF1F5A542300D03921 /* SPAudioPlayer.swift */ = {isa = PBXFileReference; fileEncoding = 4; lastKnownFileType = sourcecode.swift; path = SPAudioPlayer.swift; sourceTree = "<group>"; };
		B77C16011F5A542300D03921 /* SPUIColorExtenshion.swift */ = {isa = PBXFileReference; fileEncoding = 4; lastKnownFileType = sourcecode.swift; path = SPUIColorExtenshion.swift; sourceTree = "<group>"; };
		B77C16031F5A542300D03921 /* SPConstraintsAssistent.swift */ = {isa = PBXFileReference; fileEncoding = 4; lastKnownFileType = sourcecode.swift; path = SPConstraintsAssistent.swift; sourceTree = "<group>"; };
		B77C16051F5A542300D03921 /* SPDelay.swift */ = {isa = PBXFileReference; fileEncoding = 4; lastKnownFileType = sourcecode.swift; path = SPDelay.swift; sourceTree = "<group>"; };
		B77C16071F5A542300D03921 /* SPUIDeviceExtenshion.swift */ = {isa = PBXFileReference; fileEncoding = 4; lastKnownFileType = sourcecode.swift; path = SPUIDeviceExtenshion.swift; sourceTree = "<group>"; };
		B77C160A1F5A542300D03921 /* SPBezierPathFigure.swift */ = {isa = PBXFileReference; fileEncoding = 4; lastKnownFileType = sourcecode.swift; path = SPBezierPathFigure.swift; sourceTree = "<group>"; };
		B77C160C1F5A542300D03921 /* SPUIImageExtenshion.swift */ = {isa = PBXFileReference; fileEncoding = 4; lastKnownFileType = sourcecode.swift; path = SPUIImageExtenshion.swift; sourceTree = "<group>"; };
		B77C160E1F5A542300D03921 /* SPInternetConnection.swift */ = {isa = PBXFileReference; fileEncoding = 4; lastKnownFileType = sourcecode.swift; path = SPInternetConnection.swift; sourceTree = "<group>"; };
		B77C16121F5A542300D03921 /* SPLaunchAnimationTwitterExtenshion.swift */ = {isa = PBXFileReference; fileEncoding = 4; lastKnownFileType = sourcecode.swift; path = SPLaunchAnimationTwitterExtenshion.swift; sourceTree = "<group>"; };
		B77C16141F5A542300D03921 /* SPLaunchAnimationSlideExtenshion.swift */ = {isa = PBXFileReference; fileEncoding = 4; lastKnownFileType = sourcecode.swift; path = SPLaunchAnimationSlideExtenshion.swift; sourceTree = "<group>"; };
		B77C16151F5A542300D03921 /* SPLaunchAnimation.swift */ = {isa = PBXFileReference; fileEncoding = 4; lastKnownFileType = sourcecode.swift; path = SPLaunchAnimation.swift; sourceTree = "<group>"; };
		B77C16171F5A542300D03921 /* SPRandom.swift */ = {isa = PBXFileReference; fileEncoding = 4; lastKnownFileType = sourcecode.swift; path = SPRandom.swift; sourceTree = "<group>"; };
		B77C161A1F5A542300D03921 /* SPExtenshionViewController.swift */ = {isa = PBXFileReference; fileEncoding = 4; lastKnownFileType = sourcecode.swift; path = SPExtenshionViewController.swift; sourceTree = "<group>"; };
		B77C161B1F5A542300D03921 /* SPGradientViewController.swift */ = {isa = PBXFileReference; fileEncoding = 4; lastKnownFileType = sourcecode.swift; path = SPGradientViewController.swift; sourceTree = "<group>"; };
		B77C161C1F5A542300D03921 /* SPPageItemsScallingViewController.swift */ = {isa = PBXFileReference; fileEncoding = 4; lastKnownFileType = sourcecode.swift; path = SPPageItemsScallingViewController.swift; sourceTree = "<group>"; };
		B77C161D1F5A542300D03921 /* SPParalaxTableViewController.swift */ = {isa = PBXFileReference; fileEncoding = 4; lastKnownFileType = sourcecode.swift; path = SPParalaxTableViewController.swift; sourceTree = "<group>"; };
		B77C16201F5A542300D03921 /* SPIconsButton.swift */ = {isa = PBXFileReference; fileEncoding = 4; lastKnownFileType = sourcecode.swift; path = SPIconsButton.swift; sourceTree = "<group>"; };
		B77C16211F5A542300D03921 /* SPLinesCircleButtonsView.swift */ = {isa = PBXFileReference; fileEncoding = 4; lastKnownFileType = sourcecode.swift; path = SPLinesCircleButtonsView.swift; sourceTree = "<group>"; };
		B77C16221F5A542300D03921 /* SPRoundButton.swift */ = {isa = PBXFileReference; fileEncoding = 4; lastKnownFileType = sourcecode.swift; path = SPRoundButton.swift; sourceTree = "<group>"; };
		B77C16241F5A542300D03921 /* SPSegmentControllCell.swift */ = {isa = PBXFileReference; fileEncoding = 4; lastKnownFileType = sourcecode.swift; path = SPSegmentControllCell.swift; sourceTree = "<group>"; };
		B77C16251F5A542300D03921 /* SPSegmentControlProtocol.swift */ = {isa = PBXFileReference; fileEncoding = 4; lastKnownFileType = sourcecode.swift; path = SPSegmentControlProtocol.swift; sourceTree = "<group>"; };
		B77C16261F5A542300D03921 /* SPSegmentControlStyleProtocol.swift */ = {isa = PBXFileReference; fileEncoding = 4; lastKnownFileType = sourcecode.swift; path = SPSegmentControlStyleProtocol.swift; sourceTree = "<group>"; };
		B77C16271F5A542300D03921 /* SPSegmentedControl.swift */ = {isa = PBXFileReference; fileEncoding = 4; lastKnownFileType = sourcecode.swift; path = SPSegmentedControl.swift; sourceTree = "<group>"; };
		B77C162B1F5A542300D03921 /* SPCollectionViewCell.swift */ = {isa = PBXFileReference; fileEncoding = 4; lastKnownFileType = sourcecode.swift; path = SPCollectionViewCell.swift; sourceTree = "<group>"; };
		B77C162D1F5A542300D03921 /* SPPageItemsScalingCollectionView.swift */ = {isa = PBXFileReference; fileEncoding = 4; lastKnownFileType = sourcecode.swift; path = SPPageItemsScalingCollectionView.swift; sourceTree = "<group>"; };
		B77C162F1F5A542300D03921 /* SPPageItemsScalingCollectionLayout.swift */ = {isa = PBXFileReference; fileEncoding = 4; lastKnownFileType = sourcecode.swift; path = SPPageItemsScalingCollectionLayout.swift; sourceTree = "<group>"; };
		B77C16321F5A542300D03921 /* SPParallaxTableViewCell.swift */ = {isa = PBXFileReference; fileEncoding = 4; lastKnownFileType = sourcecode.swift; path = SPParallaxTableViewCell.swift; sourceTree = "<group>"; };
		B77C16341F5A542300D03921 /* SPBlurView.swift */ = {isa = PBXFileReference; fileEncoding = 4; lastKnownFileType = sourcecode.swift; path = SPBlurView.swift; sourceTree = "<group>"; };
		B77C16351F5A542300D03921 /* SPGradientView.swift */ = {isa = PBXFileReference; fileEncoding = 4; lastKnownFileType = sourcecode.swift; path = SPGradientView.swift; sourceTree = "<group>"; };
		B77C16361F5A542300D03921 /* SPUILabelExtenshion.swift */ = {isa = PBXFileReference; fileEncoding = 4; lastKnownFileType = sourcecode.swift; path = SPUILabelExtenshion.swift; sourceTree = "<group>"; };
		B77C16371F5A542300D03921 /* SPUIViewExtenshion.swift */ = {isa = PBXFileReference; fileEncoding = 4; lastKnownFileType = sourcecode.swift; path = SPUIViewExtenshion.swift; sourceTree = "<group>"; };
		B77C165A1F5A5B4300D03921 /* Color.swift */ = {isa = PBXFileReference; fileEncoding = 4; lastKnownFileType = sourcecode.swift; name = Color.swift; path = NhaTro/ViewControllers/Authenticate/RegisterVC/Color.swift; sourceTree = SOURCE_ROOT; };
		B77D29411F62D19800C8F9D5 /* Facebook.swift */ = {isa = PBXFileReference; fileEncoding = 4; lastKnownFileType = sourcecode.swift; path = Facebook.swift; sourceTree = "<group>"; };
		B77D29431F62D1A400C8F9D5 /* Google.swift */ = {isa = PBXFileReference; fileEncoding = 4; lastKnownFileType = sourcecode.swift; path = Google.swift; sourceTree = "<group>"; };
		B7C364DB1F960294009DFF61 /* ImageCollectionViewCell.swift */ = {isa = PBXFileReference; fileEncoding = 4; lastKnownFileType = sourcecode.swift; path = ImageCollectionViewCell.swift; sourceTree = "<group>"; };
		B7E7D9E91F5D00AF00152640 /* FBSDKCoreKit.framework */ = {isa = PBXFileReference; lastKnownFileType = wrapper.framework; name = FBSDKCoreKit.framework; path = "../../../Library/Developer/Xcode/DerivedData/NhaTro-euwnycfcwfahaxhbwjxkekkmdyje/Build/Products/Debug-iphonesimulator/FBSDKCoreKit/FBSDKCoreKit.framework"; sourceTree = "<group>"; };
		B7E7D9EA1F5D00AF00152640 /* FBSDKLoginKit.framework */ = {isa = PBXFileReference; lastKnownFileType = wrapper.framework; name = FBSDKLoginKit.framework; path = "../../../Library/Developer/Xcode/DerivedData/NhaTro-euwnycfcwfahaxhbwjxkekkmdyje/Build/Products/Debug-iphonesimulator/FBSDKLoginKit/FBSDKLoginKit.framework"; sourceTree = "<group>"; };
		B7E7D9EB1F5D00AF00152640 /* FBSDKShareKit.framework */ = {isa = PBXFileReference; lastKnownFileType = wrapper.framework; name = FBSDKShareKit.framework; path = "../../../Library/Developer/Xcode/DerivedData/NhaTro-euwnycfcwfahaxhbwjxkekkmdyje/Build/Products/Debug-iphonesimulator/FBSDKShareKit/FBSDKShareKit.framework"; sourceTree = "<group>"; };
		B7E7D9EF1F5D01B100152640 /* NhaTro.entitlements */ = {isa = PBXFileReference; lastKnownFileType = text.plist.entitlements; path = NhaTro.entitlements; sourceTree = "<group>"; };
/* End PBXFileReference section */

/* Begin PBXFrameworksBuildPhase section */
		452E4DCF1F4B16F200F27656 /* Frameworks */ = {
			isa = PBXFrameworksBuildPhase;
			buildActionMask = 2147483647;
			files = (
				B7E7D9EC1F5D00AF00152640 /* FBSDKCoreKit.framework in Frameworks */,
				B7E7D9ED1F5D00AF00152640 /* FBSDKLoginKit.framework in Frameworks */,
				B7E7D9EE1F5D00AF00152640 /* FBSDKShareKit.framework in Frameworks */,
				8A48120917D31C8DDEF21295 /* Pods_NhaTro.framework in Frameworks */,
			);
			runOnlyForDeploymentPostprocessing = 0;
		};
/* End PBXFrameworksBuildPhase section */

/* Begin PBXGroup section */
		06E7735D548DB02F0E68DEEB /* Frameworks */ = {
			isa = PBXGroup;
			children = (
				B7E7D9E91F5D00AF00152640 /* FBSDKCoreKit.framework */,
				B7E7D9EA1F5D00AF00152640 /* FBSDKLoginKit.framework */,
				B7E7D9EB1F5D00AF00152640 /* FBSDKShareKit.framework */,
				40F2C26F16E911A2000CAB81 /* Pods_NhaTro.framework */,
			);
			name = Frameworks;
			sourceTree = "<group>";
		};
		4519F9821F5AB0C60035AA85 /* XMSegmentedControl */ = {
			isa = PBXGroup;
			children = (
				4519F9831F5AB0D30035AA85 /* XMSegmentedControl.swift */,
			);
			path = XMSegmentedControl;
			sourceTree = "<group>";
		};
		4519F9851F5AB6430035AA85 /* Fonts */ = {
			isa = PBXGroup;
			children = (
				4519F9861F5AB6590035AA85 /* CenturyGothic.ttf */,
				4519F9871F5AB6590035AA85 /* GOTHIC.TTF */,
				4519F9881F5AB6590035AA85 /* gothicb.ttf */,
				4519F9891F5AB6590035AA85 /* GOTHICB0.TTF */,
				4519F98A1F5AB6590035AA85 /* GOTHICBI.TTF */,
				4519F98B1F5AB6590035AA85 /* gothici.ttf */,
			);
			path = Fonts;
			sourceTree = "<group>";
		};
		452E4DC91F4B16F100F27656 = {
			isa = PBXGroup;
			children = (
				452E4DD41F4B16F200F27656 /* NhaTro */,
				452E4DD31F4B16F200F27656 /* Products */,
				75A47287B3355DCB6C75BB3C /* Pods */,
				06E7735D548DB02F0E68DEEB /* Frameworks */,
			);
			sourceTree = "<group>";
		};
		452E4DD31F4B16F200F27656 /* Products */ = {
			isa = PBXGroup;
			children = (
				452E4DD21F4B16F200F27656 /* NhaTro.app */,
			);
			name = Products;
			sourceTree = "<group>";
		};
		452E4DD41F4B16F200F27656 /* NhaTro */ = {
			isa = PBXGroup;
			children = (
				B7E7D9EF1F5D01B100152640 /* NhaTro.entitlements */,
				452E4DD51F4B16F200F27656 /* AppDelegate.swift */,
				45EF0B071F507127005791E4 /* API */,
				453C6A121F62CABE00F856D8 /* Models */,
				45EF0B0B1F507318005791E4 /* Configs */,
				45EF0B111F50739B005791E4 /* Libraries */,
				45EF0B131F5073E2005791E4 /* Resources */,
				45EF0B141F5073F0005791E4 /* ViewControllers */,
				B741D6121F6BC33900C11EE7 /* Views */,
				452E4DE11F4B16F200F27656 /* Info.plist */,
			);
			path = NhaTro;
			sourceTree = "<group>";
		};
		453C6A111F62CAAE00F856D8 /* Plists */ = {
			isa = PBXGroup;
			children = (
				453C6A1D1F62D28900F856D8 /* GooglePlist */,
			);
			path = Plists;
			sourceTree = "<group>";
		};
		453C6A121F62CABE00F856D8 /* Models */ = {
			isa = PBXGroup;
			children = (
				457D32D01F7BE01500C54E91 /* User */,
				B77B75261F74106E00B1E888 /* GoogleMap */,
				B77D29401F62D18400C8F9D5 /* Google */,
				B77D293F1F62D17900C8F9D5 /* Facebook */,
			);
			path = Models;
			sourceTree = "<group>";
		};
		453C6A1D1F62D28900F856D8 /* GooglePlist */ = {
			isa = PBXGroup;
			children = (
				453C6A1E1F62D29300F856D8 /* GoogleService-Info.plist */,
			);
			path = GooglePlist;
			sourceTree = "<group>";
		};
		45429C881F8662CC0019493C /* InfoVC */ = {
			isa = PBXGroup;
			children = (
				45429C891F8662DA0019493C /* InfoViewController.swift */,
			);
			path = InfoVC;
			sourceTree = "<group>";
		};
		4550B58E1F87BBCE00E0F43B /* ChangePassVC */ = {
			isa = PBXGroup;
			children = (
				4550B58F1F87BBE200E0F43B /* ChangePassViewController.swift */,
			);
			path = ChangePassVC;
			sourceTree = "<group>";
		};
		455131961F7928AA00BD731A /* MenuVC */ = {
			isa = PBXGroup;
			children = (
				4550B58E1F87BBCE00E0F43B /* ChangePassVC */,
				45429C881F8662CC0019493C /* InfoVC */,
				455131991F7929AF00BD731A /* Cell */,
				455131971F7928B900BD731A /* MenuViewController.swift */,
			);
			path = MenuVC;
			sourceTree = "<group>";
		};
		455131991F7929AF00BD731A /* Cell */ = {
			isa = PBXGroup;
			children = (
				4551319A1F7929C000BD731A /* MenuCell.xib */,
				4551319C1F792B3000BD731A /* MenuCell.swift */,
			);
			path = Cell;
			sourceTree = "<group>";
		};
		457D32D01F7BE01500C54E91 /* User */ = {
			isa = PBXGroup;
			children = (
				457D32D11F7BE01E00C54E91 /* User.swift */,
			);
			path = User;
			sourceTree = "<group>";
		};
		458D62FB1F72924A00D8CD80 /* FavoriteVC */ = {
			isa = PBXGroup;
			children = (
				458D62FC1F72926B00D8CD80 /* FavoriteViewController.swift */,
			);
			path = FavoriteVC;
			sourceTree = "<group>";
		};
		458D62FE1F7292F300D8CD80 /* PostVC */ = {
			isa = PBXGroup;
			children = (
				458D62FF1F7292FE00D8CD80 /* PostViewController.swift */,
				B7C364DB1F960294009DFF61 /* ImageCollectionViewCell.swift */,
			);
			path = PostVC;
			sourceTree = "<group>";
		};
		458D630A1F72CDCC00D8CD80 /* ViewCommon */ = {
			isa = PBXGroup;
			children = (
				458D630B1F72CDCC00D8CD80 /* Navigation */,
				458D630D1F72CDCC00D8CD80 /* TabbarVC */,
			);
			path = ViewCommon;
			sourceTree = "<group>";
		};
		458D630B1F72CDCC00D8CD80 /* Navigation */ = {
			isa = PBXGroup;
			children = (
				458D630C1F72CDCC00D8CD80 /* NhaTroNavigationVC.swift */,
			);
			path = Navigation;
			sourceTree = "<group>";
		};
		458D630D1F72CDCC00D8CD80 /* TabbarVC */ = {
			isa = PBXGroup;
			children = (
				458D630E1F72CDCC00D8CD80 /* TabBarViewController.swift */,
			);
			path = TabbarVC;
			sourceTree = "<group>";
		};
		45EF0B071F507127005791E4 /* API */ = {
			isa = PBXGroup;
			children = (
				45EF0B081F50713C005791E4 /* NetworkService */,
			);
			path = API;
			sourceTree = "<group>";
		};
		45EF0B081F50713C005791E4 /* NetworkService */ = {
			isa = PBXGroup;
			children = (
				45EF0B091F50714D005791E4 /* NetworkService.swift */,
			);
			path = NetworkService;
			sourceTree = "<group>";
		};
		45EF0B0B1F507318005791E4 /* Configs */ = {
			isa = PBXGroup;
			children = (
				45EF0B101F507381005791E4 /* Utilities */,
				45EF0B0F1F507376005791E4 /* Helper */,
				45EF0B0E1F507369005791E4 /* Extensions */,
				45EF0B0C1F507349005791E4 /* Constants */,
			);
			path = Configs;
			sourceTree = "<group>";
		};
		45EF0B0C1F507349005791E4 /* Constants */ = {
			isa = PBXGroup;
			children = (
				B77C165A1F5A5B4300D03921 /* Color.swift */,
				45039C341F5B9C35001DD70A /* Constants.swift */,
			);
			path = Constants;
			sourceTree = "<group>";
		};
		45EF0B0E1F507369005791E4 /* Extensions */ = {
			isa = PBXGroup;
			children = (
				45EF0B291F507596005791E4 /* CategoriesAddition.swift */,
				45EF0B2A1F507596005791E4 /* UIViewControllerExtension.swift */,
				45EF0B2B1F507596005791E4 /* UIViewExtension.swift */,
			);
			path = Extensions;
			sourceTree = "<group>";
		};
		45EF0B0F1F507376005791E4 /* Helper */ = {
			isa = PBXGroup;
			children = (
				45EF0B2F1F5075A3005791E4 /* ProgressView.swift */,
				4551319E1F793D7000BD731A /* Params.swift */,
				457D32D31F7BE35700C54E91 /* DataHandle.swift */,
				457D32D51F7BE37100C54E91 /* ParseDataSignIn.swift */,
			);
			path = Helper;
			sourceTree = "<group>";
		};
		45EF0B101F507381005791E4 /* Utilities */ = {
			isa = PBXGroup;
			children = (
				45EF0B311F5075AD005791E4 /* Utilities.swift */,
			);
			path = Utilities;
			sourceTree = "<group>";
		};
		45EF0B111F50739B005791E4 /* Libraries */ = {
			isa = PBXGroup;
			children = (
				B743F4FE1F74C27200122804 /* G8SliderStep */,
				4519F9821F5AB0C60035AA85 /* XMSegmentedControl */,
				B77C15F91F5A542300D03921 /* Sparrow */,
				45EF0B331F5075D4005791E4 /* TransitionManager */,
				45EF0B241F507559005791E4 /* SWRevealViewController */,
			);
			path = Libraries;
			sourceTree = "<group>";
		};
		45EF0B131F5073E2005791E4 /* Resources */ = {
			isa = PBXGroup;
			children = (
				453C6A111F62CAAE00F856D8 /* Plists */,
				4519F9851F5AB6430035AA85 /* Fonts */,
				45EF0B181F50742D005791E4 /* Storyboards */,
				45EF0B161F507411005791E4 /* Images */,
			);
			path = Resources;
			sourceTree = "<group>";
		};
		45EF0B141F5073F0005791E4 /* ViewControllers */ = {
			isa = PBXGroup;
			children = (
				458D630A1F72CDCC00D8CD80 /* ViewCommon */,
				B741D6081F6B8DBA00C11EE7 /* Home */,
				45EF0B1E1F5074C0005791E4 /* Authenticate */,
			);
			path = ViewControllers;
			sourceTree = "<group>";
		};
		45EF0B161F507411005791E4 /* Images */ = {
			isa = PBXGroup;
			children = (
				45EF0B221F50752E005791E4 /* Assets.xcassets */,
			);
			path = Images;
			sourceTree = "<group>";
		};
		45EF0B181F50742D005791E4 /* Storyboards */ = {
			isa = PBXGroup;
			children = (
				B741D6051F6B8CD800C11EE7 /* Home */,
				45EF0B191F507443005791E4 /* Main */,
			);
			path = Storyboards;
			sourceTree = "<group>";
		};
		45EF0B191F507443005791E4 /* Main */ = {
			isa = PBXGroup;
			children = (
				45EF0B1A1F50746A005791E4 /* LaunchScreen.storyboard */,
				45EF0B1B1F50746A005791E4 /* Main.storyboard */,
			);
			path = Main;
			sourceTree = "<group>";
		};
		45EF0B1E1F5074C0005791E4 /* Authenticate */ = {
			isa = PBXGroup;
			children = (
				B77BB0071F77FF7500A24DBE /* SignInVC */,
				B7504C781F5BB73100C1730D /* VerifyVC */,
				B77C15F61F5A504400D03921 /* RegisterVC */,
				45EF0B1F1F5074CC005791E4 /* LoginVC */,
			);
			path = Authenticate;
			sourceTree = "<group>";
		};
		45EF0B1F1F5074CC005791E4 /* LoginVC */ = {
			isa = PBXGroup;
			children = (
				45EF0B201F5074DB005791E4 /* LoginViewController.swift */,
			);
			path = LoginVC;
			sourceTree = "<group>";
		};
		45EF0B241F507559005791E4 /* SWRevealViewController */ = {
			isa = PBXGroup;
			children = (
				45EF0B261F507578005791E4 /* SWRevealViewController.h */,
				45EF0B271F507578005791E4 /* SWRevealViewController.m */,
				45EF0B251F507577005791E4 /* NhaTro-Bridging-Header.h */,
			);
			path = SWRevealViewController;
			sourceTree = "<group>";
		};
		45EF0B331F5075D4005791E4 /* TransitionManager */ = {
			isa = PBXGroup;
			children = (
				45EF0B341F5075DE005791E4 /* TransitionManager.swift */,
			);
			path = TransitionManager;
			sourceTree = "<group>";
		};
		75A47287B3355DCB6C75BB3C /* Pods */ = {
			isa = PBXGroup;
			children = (
				6B04541E64344E56F652E0A3 /* Pods-NhaTro.debug.xcconfig */,
				A549A2A6141EB784B85B84AF /* Pods-NhaTro.release.xcconfig */,
			);
			name = Pods;
			sourceTree = "<group>";
		};
		B741D6051F6B8CD800C11EE7 /* Home */ = {
			isa = PBXGroup;
			children = (
				B741D6061F6B8D0300C11EE7 /* Home.storyboard */,
			);
			path = Home;
			sourceTree = "<group>";
		};
		B741D6081F6B8DBA00C11EE7 /* Home */ = {
			isa = PBXGroup;
			children = (
				B77BB0021F7764DA00A24DBE /* DetailHostelVC */,
				B77B75231F73E5C700B1E888 /* MapVC */,
				B741D60C1F6B8F9200C11EE7 /* HomePageVC */,
				458D62FB1F72924A00D8CD80 /* FavoriteVC */,
				458D62FE1F7292F300D8CD80 /* PostVC */,
				455131961F7928AA00BD731A /* MenuVC */,
			);
			path = Home;
			sourceTree = "<group>";
		};
		B741D60C1F6B8F9200C11EE7 /* HomePageVC */ = {
			isa = PBXGroup;
			children = (
				B741D60D1F6B8FAE00C11EE7 /* HomePageViewController.swift */,
			);
			path = HomePageVC;
			sourceTree = "<group>";
		};
		B741D6121F6BC33900C11EE7 /* Views */ = {
			isa = PBXGroup;
			children = (
				B77BAFFF1F775BE800A24DBE /* DetailHostel */,
				B77B75291F74168500B1E888 /* InfoWinDow */,
				B741D6131F6BC33900C11EE7 /* HomePageCell */,
			);
			path = Views;
			sourceTree = "<group>";
		};
		B741D6131F6BC33900C11EE7 /* HomePageCell */ = {
			isa = PBXGroup;
			children = (
				B741D6141F6BC38000C11EE7 /* HomePageCollectionViewCell.swift */,
				B741D6161F6E1BA200C11EE7 /* HomePageCell.xib */,
			);
			path = HomePageCell;
			sourceTree = "<group>";
		};
		B743F4FE1F74C27200122804 /* G8SliderStep */ = {
			isa = PBXGroup;
			children = (
				B743F4FF1F74C27200122804 /* G8SliderStep.swift */,
			);
			path = G8SliderStep;
			sourceTree = "<group>";
		};
		B7504C781F5BB73100C1730D /* VerifyVC */ = {
			isa = PBXGroup;
			children = (
				B7504C791F5BB73D00C1730D /* VerifyViewController.swift */,
			);
			path = VerifyVC;
			sourceTree = "<group>";
		};
		B77B75231F73E5C700B1E888 /* MapVC */ = {
			isa = PBXGroup;
			children = (
				B77B75241F73E5E500B1E888 /* MapViewController.swift */,
			);
			path = MapVC;
			sourceTree = "<group>";
		};
		B77B75261F74106E00B1E888 /* GoogleMap */ = {
			isa = PBXGroup;
			children = (
				B77B75271F74109400B1E888 /* GoogleMap.swift */,
			);
			path = GoogleMap;
			sourceTree = "<group>";
		};
		B77B75291F74168500B1E888 /* InfoWinDow */ = {
			isa = PBXGroup;
			children = (
				B77B752C1F7416C700B1E888 /* InfoWinDow.xib */,
				B77B752E1F7417BE00B1E888 /* InfoWinDowView.swift */,
			);
			path = InfoWinDow;
			sourceTree = "<group>";
		};
		B77BAFFF1F775BE800A24DBE /* DetailHostel */ = {
			isa = PBXGroup;
			children = (
				B77BB0001F775BE800A24DBE /* DetailHostel.xib */,
				B77BB0051F7766CF00A24DBE /* DetailHostelView.swift */,
			);
			path = DetailHostel;
			sourceTree = "<group>";
		};
		B77BB0021F7764DA00A24DBE /* DetailHostelVC */ = {
			isa = PBXGroup;
			children = (
				B77BB0031F77650700A24DBE /* DetailHostelViewController.swift */,
			);
			path = DetailHostelVC;
			sourceTree = "<group>";
		};
		B77BB0071F77FF7500A24DBE /* SignInVC */ = {
			isa = PBXGroup;
			children = (
				B77BB0081F77FF8700A24DBE /* SignInViewController.swift */,
			);
			path = SignInVC;
			sourceTree = "<group>";
		};
		B77C15F61F5A504400D03921 /* RegisterVC */ = {
			isa = PBXGroup;
			children = (
				B77C15F71F5A507000D03921 /* RegisterViewController.swift */,
			);
			path = RegisterVC;
			sourceTree = "<group>";
		};
		B77C15F91F5A542300D03921 /* Sparrow */ = {
			isa = PBXGroup;
			children = (
				B77C15FA1F5A542300D03921 /* Animation */,
				B77C15FE1F5A542300D03921 /* Audio */,
				B77C16001F5A542300D03921 /* Color */,
				B77C16021F5A542300D03921 /* Constraints */,
				B77C16041F5A542300D03921 /* Delay */,
				B77C16061F5A542300D03921 /* Device */,
				B77C16081F5A542300D03921 /* Figure */,
				B77C160B1F5A542300D03921 /* Image */,
				B77C160D1F5A542300D03921 /* InternetConnection */,
				B77C160F1F5A542300D03921 /* Launch */,
				B77C16161F5A542300D03921 /* Random */,
				B77C16181F5A542300D03921 /* UI */,
			);
			path = Sparrow;
			sourceTree = "<group>";
		};
		B77C15FA1F5A542300D03921 /* Animation */ = {
			isa = PBXGroup;
			children = (
				B77C15FB1F5A542300D03921 /* SPAnimation.swift */,
				B77C15FC1F5A542300D03921 /* SPAnimationSpring.swift */,
				B77C15FD1F5A542300D03921 /* SPAnimationUpward.swift */,
			);
			path = Animation;
			sourceTree = "<group>";
		};
		B77C15FE1F5A542300D03921 /* Audio */ = {
			isa = PBXGroup;
			children = (
				B77C15FF1F5A542300D03921 /* SPAudioPlayer.swift */,
			);
			path = Audio;
			sourceTree = "<group>";
		};
		B77C16001F5A542300D03921 /* Color */ = {
			isa = PBXGroup;
			children = (
				B77C16011F5A542300D03921 /* SPUIColorExtenshion.swift */,
			);
			path = Color;
			sourceTree = "<group>";
		};
		B77C16021F5A542300D03921 /* Constraints */ = {
			isa = PBXGroup;
			children = (
				B77C16031F5A542300D03921 /* SPConstraintsAssistent.swift */,
			);
			path = Constraints;
			sourceTree = "<group>";
		};
		B77C16041F5A542300D03921 /* Delay */ = {
			isa = PBXGroup;
			children = (
				B77C16051F5A542300D03921 /* SPDelay.swift */,
			);
			path = Delay;
			sourceTree = "<group>";
		};
		B77C16061F5A542300D03921 /* Device */ = {
			isa = PBXGroup;
			children = (
				B77C16071F5A542300D03921 /* SPUIDeviceExtenshion.swift */,
			);
			path = Device;
			sourceTree = "<group>";
		};
		B77C16081F5A542300D03921 /* Figure */ = {
			isa = PBXGroup;
			children = (
				B77C16091F5A542300D03921 /* BezierPathFigure */,
			);
			path = Figure;
			sourceTree = "<group>";
		};
		B77C16091F5A542300D03921 /* BezierPathFigure */ = {
			isa = PBXGroup;
			children = (
				B77C160A1F5A542300D03921 /* SPBezierPathFigure.swift */,
			);
			path = BezierPathFigure;
			sourceTree = "<group>";
		};
		B77C160B1F5A542300D03921 /* Image */ = {
			isa = PBXGroup;
			children = (
				B77C160C1F5A542300D03921 /* SPUIImageExtenshion.swift */,
			);
			path = Image;
			sourceTree = "<group>";
		};
		B77C160D1F5A542300D03921 /* InternetConnection */ = {
			isa = PBXGroup;
			children = (
				B77C160E1F5A542300D03921 /* SPInternetConnection.swift */,
			);
			path = InternetConnection;
			sourceTree = "<group>";
		};
		B77C160F1F5A542300D03921 /* Launch */ = {
			isa = PBXGroup;
			children = (
				B77C16101F5A542300D03921 /* Animation */,
			);
			path = Launch;
			sourceTree = "<group>";
		};
		B77C16101F5A542300D03921 /* Animation */ = {
			isa = PBXGroup;
			children = (
				B77C16111F5A542300D03921 /* asTwitter */,
				B77C16131F5A542300D03921 /* Slide */,
				B77C16151F5A542300D03921 /* SPLaunchAnimation.swift */,
			);
			path = Animation;
			sourceTree = "<group>";
		};
		B77C16111F5A542300D03921 /* asTwitter */ = {
			isa = PBXGroup;
			children = (
				B77C16121F5A542300D03921 /* SPLaunchAnimationTwitterExtenshion.swift */,
			);
			path = asTwitter;
			sourceTree = "<group>";
		};
		B77C16131F5A542300D03921 /* Slide */ = {
			isa = PBXGroup;
			children = (
				B77C16141F5A542300D03921 /* SPLaunchAnimationSlideExtenshion.swift */,
			);
			path = Slide;
			sourceTree = "<group>";
		};
		B77C16161F5A542300D03921 /* Random */ = {
			isa = PBXGroup;
			children = (
				B77C16171F5A542300D03921 /* SPRandom.swift */,
			);
			path = Random;
			sourceTree = "<group>";
		};
		B77C16181F5A542300D03921 /* UI */ = {
			isa = PBXGroup;
			children = (
				B77C16191F5A542300D03921 /* Controllers */,
				B77C161E1F5A542300D03921 /* Controls */,
				B77C16281F5A542300D03921 /* Views */,
			);
			path = UI;
			sourceTree = "<group>";
		};
		B77C16191F5A542300D03921 /* Controllers */ = {
			isa = PBXGroup;
			children = (
				B77C161A1F5A542300D03921 /* SPExtenshionViewController.swift */,
				B77C161B1F5A542300D03921 /* SPGradientViewController.swift */,
				B77C161C1F5A542300D03921 /* SPPageItemsScallingViewController.swift */,
				B77C161D1F5A542300D03921 /* SPParalaxTableViewController.swift */,
			);
			path = Controllers;
			sourceTree = "<group>";
		};
		B77C161E1F5A542300D03921 /* Controls */ = {
			isa = PBXGroup;
			children = (
				B77C161F1F5A542300D03921 /* Buttons */,
				B77C16231F5A542300D03921 /* SegmentedControl */,
			);
			path = Controls;
			sourceTree = "<group>";
		};
		B77C161F1F5A542300D03921 /* Buttons */ = {
			isa = PBXGroup;
			children = (
				B77C16201F5A542300D03921 /* SPIconsButton.swift */,
				B77C16211F5A542300D03921 /* SPLinesCircleButtonsView.swift */,
				B77C16221F5A542300D03921 /* SPRoundButton.swift */,
			);
			path = Buttons;
			sourceTree = "<group>";
		};
		B77C16231F5A542300D03921 /* SegmentedControl */ = {
			isa = PBXGroup;
			children = (
				B77C16241F5A542300D03921 /* SPSegmentControllCell.swift */,
				B77C16251F5A542300D03921 /* SPSegmentControlProtocol.swift */,
				B77C16261F5A542300D03921 /* SPSegmentControlStyleProtocol.swift */,
				B77C16271F5A542300D03921 /* SPSegmentedControl.swift */,
			);
			path = SegmentedControl;
			sourceTree = "<group>";
		};
		B77C16281F5A542300D03921 /* Views */ = {
			isa = PBXGroup;
			children = (
				B77C16291F5A542300D03921 /* CollectionViews */,
				B77C16301F5A542300D03921 /* TableViews */,
				B77C16331F5A542300D03921 /* Views */,
			);
			path = Views;
			sourceTree = "<group>";
		};
		B77C16291F5A542300D03921 /* CollectionViews */ = {
			isa = PBXGroup;
			children = (
				B77C162A1F5A542300D03921 /* Cells */,
				B77C162C1F5A542300D03921 /* CollectionViews */,
				B77C162E1F5A542300D03921 /* Layouts */,
			);
			path = CollectionViews;
			sourceTree = "<group>";
		};
		B77C162A1F5A542300D03921 /* Cells */ = {
			isa = PBXGroup;
			children = (
				B77C162B1F5A542300D03921 /* SPCollectionViewCell.swift */,
			);
			path = Cells;
			sourceTree = "<group>";
		};
		B77C162C1F5A542300D03921 /* CollectionViews */ = {
			isa = PBXGroup;
			children = (
				B77C162D1F5A542300D03921 /* SPPageItemsScalingCollectionView.swift */,
			);
			path = CollectionViews;
			sourceTree = "<group>";
		};
		B77C162E1F5A542300D03921 /* Layouts */ = {
			isa = PBXGroup;
			children = (
				B77C162F1F5A542300D03921 /* SPPageItemsScalingCollectionLayout.swift */,
			);
			path = Layouts;
			sourceTree = "<group>";
		};
		B77C16301F5A542300D03921 /* TableViews */ = {
			isa = PBXGroup;
			children = (
				B77C16311F5A542300D03921 /* Cell */,
			);
			path = TableViews;
			sourceTree = "<group>";
		};
		B77C16311F5A542300D03921 /* Cell */ = {
			isa = PBXGroup;
			children = (
				B77C16321F5A542300D03921 /* SPParallaxTableViewCell.swift */,
			);
			path = Cell;
			sourceTree = "<group>";
		};
		B77C16331F5A542300D03921 /* Views */ = {
			isa = PBXGroup;
			children = (
				B77C16341F5A542300D03921 /* SPBlurView.swift */,
				B77C16351F5A542300D03921 /* SPGradientView.swift */,
				B77C16361F5A542300D03921 /* SPUILabelExtenshion.swift */,
				B77C16371F5A542300D03921 /* SPUIViewExtenshion.swift */,
			);
			path = Views;
			sourceTree = "<group>";
		};
		B77D293F1F62D17900C8F9D5 /* Facebook */ = {
			isa = PBXGroup;
			children = (
				B77D29411F62D19800C8F9D5 /* Facebook.swift */,
			);
			path = Facebook;
			sourceTree = "<group>";
		};
		B77D29401F62D18400C8F9D5 /* Google */ = {
			isa = PBXGroup;
			children = (
				B77D29431F62D1A400C8F9D5 /* Google.swift */,
			);
			path = Google;
			sourceTree = "<group>";
		};
/* End PBXGroup section */

/* Begin PBXNativeTarget section */
		452E4DD11F4B16F200F27656 /* NhaTro */ = {
			isa = PBXNativeTarget;
			buildConfigurationList = 452E4DE41F4B16F200F27656 /* Build configuration list for PBXNativeTarget "NhaTro" */;
			buildPhases = (
				E0DE478B237D281165151028 /* [CP] Check Pods Manifest.lock */,
				452E4DCE1F4B16F200F27656 /* Sources */,
				452E4DCF1F4B16F200F27656 /* Frameworks */,
				452E4DD01F4B16F200F27656 /* Resources */,
				C1DA908A1EDE784A9E83E7F0 /* [CP] Embed Pods Frameworks */,
				7965DF11AEE46F9A31DEEADF /* [CP] Copy Pods Resources */,
			);
			buildRules = (
			);
			dependencies = (
			);
			name = NhaTro;
			productName = NhaTro;
			productReference = 452E4DD21F4B16F200F27656 /* NhaTro.app */;
			productType = "com.apple.product-type.application";
		};
/* End PBXNativeTarget section */

/* Begin PBXProject section */
		452E4DCA1F4B16F100F27656 /* Project object */ = {
			isa = PBXProject;
			attributes = {
				LastSwiftUpdateCheck = 0830;
				LastUpgradeCheck = 0830;
				ORGANIZATIONNAME = "HOANG HUNG";
				TargetAttributes = {
					452E4DD11F4B16F200F27656 = {
						CreatedOnToolsVersion = 8.3.2;
						DevelopmentTeam = 533G42X52A;
						LastSwiftMigration = 0830;
						ProvisioningStyle = Automatic;
						SystemCapabilities = {
							com.apple.Keychain = {
								enabled = 0;
							};
						};
					};
				};
			};
			buildConfigurationList = 452E4DCD1F4B16F100F27656 /* Build configuration list for PBXProject "NhaTro" */;
			compatibilityVersion = "Xcode 3.2";
			developmentRegion = English;
			hasScannedForEncodings = 0;
			knownRegions = (
				en,
				Base,
			);
			mainGroup = 452E4DC91F4B16F100F27656;
			productRefGroup = 452E4DD31F4B16F200F27656 /* Products */;
			projectDirPath = "";
			projectRoot = "";
			targets = (
				452E4DD11F4B16F200F27656 /* NhaTro */,
			);
		};
/* End PBXProject section */

/* Begin PBXResourcesBuildPhase section */
		452E4DD01F4B16F200F27656 /* Resources */ = {
			isa = PBXResourcesBuildPhase;
			buildActionMask = 2147483647;
			files = (
				45FF15271F6E408300473B18 /* CenturyGothic.ttf in Resources */,
				45FF15281F6E408300473B18 /* GOTHIC.TTF in Resources */,
				45FF15291F6E408300473B18 /* gothicb.ttf in Resources */,
				45FF152A1F6E408300473B18 /* GOTHICB0.TTF in Resources */,
				B77B752D1F7416C700B1E888 /* InfoWinDow.xib in Resources */,
				45FF152B1F6E408300473B18 /* GOTHICBI.TTF in Resources */,
				45FF152C1F6E408300473B18 /* gothici.ttf in Resources */,
				45EF0B1D1F50746A005791E4 /* Main.storyboard in Resources */,
				B741D6071F6B8D0300C11EE7 /* Home.storyboard in Resources */,
				B77BB0011F775BE800A24DBE /* DetailHostel.xib in Resources */,
				453C6A1F1F62D29300F856D8 /* GoogleService-Info.plist in Resources */,
				B741D6171F6E1BA200C11EE7 /* HomePageCell.xib in Resources */,
				4551319B1F7929C000BD731A /* MenuCell.xib in Resources */,
				45EF0B231F50752E005791E4 /* Assets.xcassets in Resources */,
				45EF0B1C1F50746A005791E4 /* LaunchScreen.storyboard in Resources */,
			);
			runOnlyForDeploymentPostprocessing = 0;
		};
/* End PBXResourcesBuildPhase section */

/* Begin PBXShellScriptBuildPhase section */
		7965DF11AEE46F9A31DEEADF /* [CP] Copy Pods Resources */ = {
			isa = PBXShellScriptBuildPhase;
			buildActionMask = 2147483647;
			files = (
			);
			inputPaths = (
				"${SRCROOT}/Pods/Target Support Files/Pods-NhaTro/Pods-NhaTro-resources.sh",
				"${PODS_ROOT}/GoogleMaps/Maps/Frameworks/GoogleMaps.framework/Resources/GoogleMaps.bundle",
				"${PODS_ROOT}/GooglePlaces/Frameworks/GooglePlaces.framework/Resources/GooglePlaces.bundle",
				"${PODS_ROOT}/GoogleSignIn/Resources/GoogleSignIn.bundle",
			);
			name = "[CP] Copy Pods Resources";
			outputPaths = (
				"${TARGET_BUILD_DIR}/${UNLOCALIZED_RESOURCES_FOLDER_PATH}",
			);
			runOnlyForDeploymentPostprocessing = 0;
			shellPath = /bin/sh;
			shellScript = "\"${SRCROOT}/Pods/Target Support Files/Pods-NhaTro/Pods-NhaTro-resources.sh\"\n";
			showEnvVarsInLog = 0;
		};
		C1DA908A1EDE784A9E83E7F0 /* [CP] Embed Pods Frameworks */ = {
			isa = PBXShellScriptBuildPhase;
			buildActionMask = 2147483647;
			files = (
			);
			inputPaths = (
				"${SRCROOT}/Pods/Target Support Files/Pods-NhaTro/Pods-NhaTro-frameworks.sh",
				"${BUILT_PRODUCTS_DIR}/Alamofire/Alamofire.framework",
				"${BUILT_PRODUCTS_DIR}/Bolts/Bolts.framework",
				"${BUILT_PRODUCTS_DIR}/FBSDKCoreKit/FBSDKCoreKit.framework",
				"${BUILT_PRODUCTS_DIR}/FBSDKLoginKit/FBSDKLoginKit.framework",
				"${BUILT_PRODUCTS_DIR}/FBSDKShareKit/FBSDKShareKit.framework",
				"${BUILT_PRODUCTS_DIR}/FacebookCore/FacebookCore.framework",
				"${BUILT_PRODUCTS_DIR}/FacebookLogin/FacebookLogin.framework",
				"${BUILT_PRODUCTS_DIR}/FacebookShare/FacebookShare.framework",
				"${BUILT_PRODUCTS_DIR}/GTMOAuth2/GTMOAuth2.framework",
				"${BUILT_PRODUCTS_DIR}/GTMSessionFetcher/GTMSessionFetcher.framework",
				"${BUILT_PRODUCTS_DIR}/GoogleToolboxForMac/GoogleToolboxForMac.framework",
				"${BUILT_PRODUCTS_DIR}/IQKeyboardManager/IQKeyboardManager.framework",
				"${BUILT_PRODUCTS_DIR}/Kingfisher/Kingfisher.framework",
				"${BUILT_PRODUCTS_DIR}/NKVPhonePicker/NKVPhonePicker.framework",
				"${BUILT_PRODUCTS_DIR}/NVActivityIndicatorView/NVActivityIndicatorView.framework",
				"${BUILT_PRODUCTS_DIR}/PINCache/PINCache.framework",
				"${BUILT_PRODUCTS_DIR}/PINOperation/PINOperation.framework",
				"${BUILT_PRODUCTS_DIR}/PINRemoteImage/PINRemoteImage.framework",
				"${BUILT_PRODUCTS_DIR}/Protobuf/Protobuf.framework",
				"${BUILT_PRODUCTS_DIR}/SwiftyJSON/SwiftyJSON.framework",
				"${BUILT_PRODUCTS_DIR}/Texture/AsyncDisplayKit.framework",
				"${BUILT_PRODUCTS_DIR}/nanopb/nanopb.framework",
			);
			name = "[CP] Embed Pods Frameworks";
			outputPaths = (
				"${TARGET_BUILD_DIR}/${FRAMEWORKS_FOLDER_PATH}/Alamofire.framework",
				"${TARGET_BUILD_DIR}/${FRAMEWORKS_FOLDER_PATH}/Bolts.framework",
				"${TARGET_BUILD_DIR}/${FRAMEWORKS_FOLDER_PATH}/FBSDKCoreKit.framework",
				"${TARGET_BUILD_DIR}/${FRAMEWORKS_FOLDER_PATH}/FBSDKLoginKit.framework",
				"${TARGET_BUILD_DIR}/${FRAMEWORKS_FOLDER_PATH}/FBSDKShareKit.framework",
				"${TARGET_BUILD_DIR}/${FRAMEWORKS_FOLDER_PATH}/FacebookCore.framework",
				"${TARGET_BUILD_DIR}/${FRAMEWORKS_FOLDER_PATH}/FacebookLogin.framework",
				"${TARGET_BUILD_DIR}/${FRAMEWORKS_FOLDER_PATH}/FacebookShare.framework",
				"${TARGET_BUILD_DIR}/${FRAMEWORKS_FOLDER_PATH}/GTMOAuth2.framework",
				"${TARGET_BUILD_DIR}/${FRAMEWORKS_FOLDER_PATH}/GTMSessionFetcher.framework",
				"${TARGET_BUILD_DIR}/${FRAMEWORKS_FOLDER_PATH}/GoogleToolboxForMac.framework",
				"${TARGET_BUILD_DIR}/${FRAMEWORKS_FOLDER_PATH}/IQKeyboardManager.framework",
				"${TARGET_BUILD_DIR}/${FRAMEWORKS_FOLDER_PATH}/Kingfisher.framework",
				"${TARGET_BUILD_DIR}/${FRAMEWORKS_FOLDER_PATH}/NKVPhonePicker.framework",
				"${TARGET_BUILD_DIR}/${FRAMEWORKS_FOLDER_PATH}/NVActivityIndicatorView.framework",
				"${TARGET_BUILD_DIR}/${FRAMEWORKS_FOLDER_PATH}/PINCache.framework",
				"${TARGET_BUILD_DIR}/${FRAMEWORKS_FOLDER_PATH}/PINOperation.framework",
				"${TARGET_BUILD_DIR}/${FRAMEWORKS_FOLDER_PATH}/PINRemoteImage.framework",
				"${TARGET_BUILD_DIR}/${FRAMEWORKS_FOLDER_PATH}/Protobuf.framework",
				"${TARGET_BUILD_DIR}/${FRAMEWORKS_FOLDER_PATH}/SwiftyJSON.framework",
				"${TARGET_BUILD_DIR}/${FRAMEWORKS_FOLDER_PATH}/AsyncDisplayKit.framework",
				"${TARGET_BUILD_DIR}/${FRAMEWORKS_FOLDER_PATH}/nanopb.framework",
			);
			runOnlyForDeploymentPostprocessing = 0;
			shellPath = /bin/sh;
			shellScript = "\"${SRCROOT}/Pods/Target Support Files/Pods-NhaTro/Pods-NhaTro-frameworks.sh\"\n";
			showEnvVarsInLog = 0;
		};
		E0DE478B237D281165151028 /* [CP] Check Pods Manifest.lock */ = {
			isa = PBXShellScriptBuildPhase;
			buildActionMask = 2147483647;
			files = (
			);
			inputPaths = (
				"${PODS_PODFILE_DIR_PATH}/Podfile.lock",
				"${PODS_ROOT}/Manifest.lock",
			);
			name = "[CP] Check Pods Manifest.lock";
			outputPaths = (
				"$(DERIVED_FILE_DIR)/Pods-NhaTro-checkManifestLockResult.txt",
			);
			runOnlyForDeploymentPostprocessing = 0;
			shellPath = /bin/sh;
			shellScript = "diff \"${PODS_PODFILE_DIR_PATH}/Podfile.lock\" \"${PODS_ROOT}/Manifest.lock\" > /dev/null\nif [ $? != 0 ] ; then\n    # print error to STDERR\n    echo \"error: The sandbox is not in sync with the Podfile.lock. Run 'pod install' or update your CocoaPods installation.\" >&2\n    exit 1\nfi\n# This output is used by Xcode 'outputs' to avoid re-running this script phase.\necho \"SUCCESS\" > \"${SCRIPT_OUTPUT_FILE_0}\"\n";
			showEnvVarsInLog = 0;
		};
/* End PBXShellScriptBuildPhase section */

/* Begin PBXSourcesBuildPhase section */
		452E4DCE1F4B16F200F27656 /* Sources */ = {
			isa = PBXSourcesBuildPhase;
			buildActionMask = 2147483647;
			files = (
				B77C16561F5A542300D03921 /* SPBlurView.swift in Sources */,
				B7C364DC1F960294009DFF61 /* ImageCollectionViewCell.swift in Sources */,
				B743F5001F74C27200122804 /* G8SliderStep.swift in Sources */,
				45EF0B2C1F507596005791E4 /* CategoriesAddition.swift in Sources */,
				B77C15F81F5A507000D03921 /* RegisterViewController.swift in Sources */,
				B77C163E1F5A542300D03921 /* SPDelay.swift in Sources */,
				B77C16461F5A542300D03921 /* SPRandom.swift in Sources */,
				B77C164F1F5A542300D03921 /* SPSegmentControlProtocol.swift in Sources */,
				B77C16471F5A542300D03921 /* SPExtenshionViewController.swift in Sources */,
				B77C16481F5A542300D03921 /* SPGradientViewController.swift in Sources */,
				45EF0B211F5074DB005791E4 /* LoginViewController.swift in Sources */,
				B77C16541F5A542300D03921 /* SPPageItemsScalingCollectionLayout.swift in Sources */,
				45EF0B2D1F507596005791E4 /* UIViewControllerExtension.swift in Sources */,
				B77C16441F5A542300D03921 /* SPLaunchAnimationSlideExtenshion.swift in Sources */,
				458D63001F7292FE00D8CD80 /* PostViewController.swift in Sources */,
				B77BB0061F7766CF00A24DBE /* DetailHostelView.swift in Sources */,
				B77BB0041F77650700A24DBE /* DetailHostelViewController.swift in Sources */,
				45EF0B0A1F50714D005791E4 /* NetworkService.swift in Sources */,
				B77C164A1F5A542300D03921 /* SPParalaxTableViewController.swift in Sources */,
				B77BB0091F77FF8700A24DBE /* SignInViewController.swift in Sources */,
				B77C16401F5A542300D03921 /* SPBezierPathFigure.swift in Sources */,
				B77C16521F5A542300D03921 /* SPCollectionViewCell.swift in Sources */,
				4550B5901F87BBE200E0F43B /* ChangePassViewController.swift in Sources */,
				45EF0B2E1F507596005791E4 /* UIViewExtension.swift in Sources */,
				B77D29421F62D19800C8F9D5 /* Facebook.swift in Sources */,
				4519F9841F5AB0D30035AA85 /* XMSegmentedControl.swift in Sources */,
				457D32D21F7BE01E00C54E91 /* User.swift in Sources */,
				B77B752F1F7417BE00B1E888 /* InfoWinDowView.swift in Sources */,
				45EF0B301F5075A3005791E4 /* ProgressView.swift in Sources */,
				B741D60E1F6B8FAE00C11EE7 /* HomePageViewController.swift in Sources */,
				B77C16571F5A542300D03921 /* SPGradientView.swift in Sources */,
				45EF0B351F5075DE005791E4 /* TransitionManager.swift in Sources */,
				B77C16591F5A542300D03921 /* SPUIViewExtenshion.swift in Sources */,
				B77B75281F74109400B1E888 /* GoogleMap.swift in Sources */,
				B77C16411F5A542300D03921 /* SPUIImageExtenshion.swift in Sources */,
				458D63101F72CDCC00D8CD80 /* TabBarViewController.swift in Sources */,
				45039C351F5B9C35001DD70A /* Constants.swift in Sources */,
				B77C163F1F5A542300D03921 /* SPUIDeviceExtenshion.swift in Sources */,
				B77C164E1F5A542300D03921 /* SPSegmentControllCell.swift in Sources */,
				B77C16431F5A542300D03921 /* SPLaunchAnimationTwitterExtenshion.swift in Sources */,
				B7504C7A1F5BB73D00C1730D /* VerifyViewController.swift in Sources */,
				4551319D1F792B3000BD731A /* MenuCell.swift in Sources */,
				B77C165B1F5A5B4300D03921 /* Color.swift in Sources */,
				45429C8A1F8662DA0019493C /* InfoViewController.swift in Sources */,
				B77C16491F5A542300D03921 /* SPPageItemsScallingViewController.swift in Sources */,
				B77C164C1F5A542300D03921 /* SPLinesCircleButtonsView.swift in Sources */,
				B77C16581F5A542300D03921 /* SPUILabelExtenshion.swift in Sources */,
				458D630F1F72CDCC00D8CD80 /* NhaTroNavigationVC.swift in Sources */,
				B77B75251F73E5E500B1E888 /* MapViewController.swift in Sources */,
				45EF0B321F5075AD005791E4 /* Utilities.swift in Sources */,
				B77C16421F5A542300D03921 /* SPInternetConnection.swift in Sources */,
				455131981F7928B900BD731A /* MenuViewController.swift in Sources */,
				458D62FD1F72926B00D8CD80 /* FavoriteViewController.swift in Sources */,
				B77C16551F5A542300D03921 /* SPParallaxTableViewCell.swift in Sources */,
				457D32D61F7BE37100C54E91 /* ParseDataSignIn.swift in Sources */,
				B77C16531F5A542300D03921 /* SPPageItemsScalingCollectionView.swift in Sources */,
				B77C16501F5A542300D03921 /* SPSegmentControlStyleProtocol.swift in Sources */,
				457D32D41F7BE35700C54E91 /* DataHandle.swift in Sources */,
				B77C164B1F5A542300D03921 /* SPIconsButton.swift in Sources */,
				B77C16451F5A542300D03921 /* SPLaunchAnimation.swift in Sources */,
				B77C163C1F5A542300D03921 /* SPUIColorExtenshion.swift in Sources */,
				B77C16511F5A542300D03921 /* SPSegmentedControl.swift in Sources */,
				452E4DD61F4B16F200F27656 /* AppDelegate.swift in Sources */,
				B77D29441F62D1A400C8F9D5 /* Google.swift in Sources */,
				B77C163A1F5A542300D03921 /* SPAnimationUpward.swift in Sources */,
				B77C164D1F5A542300D03921 /* SPRoundButton.swift in Sources */,
				B741D6151F6BC38000C11EE7 /* HomePageCollectionViewCell.swift in Sources */,
				45EF0B281F507578005791E4 /* SWRevealViewController.m in Sources */,
				4551319F1F793D7000BD731A /* Params.swift in Sources */,
				B77C163D1F5A542300D03921 /* SPConstraintsAssistent.swift in Sources */,
				B77C16391F5A542300D03921 /* SPAnimationSpring.swift in Sources */,
				B77C16381F5A542300D03921 /* SPAnimation.swift in Sources */,
				B77C163B1F5A542300D03921 /* SPAudioPlayer.swift in Sources */,
			);
			runOnlyForDeploymentPostprocessing = 0;
		};
/* End PBXSourcesBuildPhase section */

/* Begin XCBuildConfiguration section */
		452E4DE21F4B16F200F27656 /* Debug */ = {
			isa = XCBuildConfiguration;
			buildSettings = {
				ALWAYS_SEARCH_USER_PATHS = NO;
				CLANG_ANALYZER_NONNULL = YES;
				CLANG_ANALYZER_NUMBER_OBJECT_CONVERSION = YES_AGGRESSIVE;
				CLANG_CXX_LANGUAGE_STANDARD = "gnu++0x";
				CLANG_CXX_LIBRARY = "libc++";
				CLANG_ENABLE_MODULES = YES;
				CLANG_ENABLE_OBJC_ARC = YES;
				CLANG_WARN_BOOL_CONVERSION = YES;
				CLANG_WARN_CONSTANT_CONVERSION = YES;
				CLANG_WARN_DIRECT_OBJC_ISA_USAGE = YES_ERROR;
				CLANG_WARN_DOCUMENTATION_COMMENTS = YES;
				CLANG_WARN_EMPTY_BODY = YES;
				CLANG_WARN_ENUM_CONVERSION = YES;
				CLANG_WARN_INFINITE_RECURSION = YES;
				CLANG_WARN_INT_CONVERSION = YES;
				CLANG_WARN_OBJC_ROOT_CLASS = YES_ERROR;
				CLANG_WARN_SUSPICIOUS_MOVE = YES;
				CLANG_WARN_UNREACHABLE_CODE = YES;
				CLANG_WARN__DUPLICATE_METHOD_MATCH = YES;
				"CODE_SIGN_IDENTITY[sdk=iphoneos*]" = "iPhone Developer";
				COPY_PHASE_STRIP = NO;
				DEBUG_INFORMATION_FORMAT = dwarf;
				ENABLE_STRICT_OBJC_MSGSEND = YES;
				ENABLE_TESTABILITY = YES;
				GCC_C_LANGUAGE_STANDARD = gnu99;
				GCC_DYNAMIC_NO_PIC = NO;
				GCC_NO_COMMON_BLOCKS = YES;
				GCC_OPTIMIZATION_LEVEL = 0;
				GCC_PREPROCESSOR_DEFINITIONS = (
					"DEBUG=1",
					"$(inherited)",
				);
				GCC_WARN_64_TO_32_BIT_CONVERSION = YES;
				GCC_WARN_ABOUT_RETURN_TYPE = YES_ERROR;
				GCC_WARN_UNDECLARED_SELECTOR = YES;
				GCC_WARN_UNINITIALIZED_AUTOS = YES_AGGRESSIVE;
				GCC_WARN_UNUSED_FUNCTION = YES;
				GCC_WARN_UNUSED_VARIABLE = YES;
				IPHONEOS_DEPLOYMENT_TARGET = 10.3;
				MTL_ENABLE_DEBUG_INFO = YES;
				ONLY_ACTIVE_ARCH = YES;
				SDKROOT = iphoneos;
				SWIFT_ACTIVE_COMPILATION_CONDITIONS = DEBUG;
				SWIFT_OPTIMIZATION_LEVEL = "-Onone";
			};
			name = Debug;
		};
		452E4DE31F4B16F200F27656 /* Release */ = {
			isa = XCBuildConfiguration;
			buildSettings = {
				ALWAYS_SEARCH_USER_PATHS = NO;
				CLANG_ANALYZER_NONNULL = YES;
				CLANG_ANALYZER_NUMBER_OBJECT_CONVERSION = YES_AGGRESSIVE;
				CLANG_CXX_LANGUAGE_STANDARD = "gnu++0x";
				CLANG_CXX_LIBRARY = "libc++";
				CLANG_ENABLE_MODULES = YES;
				CLANG_ENABLE_OBJC_ARC = YES;
				CLANG_WARN_BOOL_CONVERSION = YES;
				CLANG_WARN_CONSTANT_CONVERSION = YES;
				CLANG_WARN_DIRECT_OBJC_ISA_USAGE = YES_ERROR;
				CLANG_WARN_DOCUMENTATION_COMMENTS = YES;
				CLANG_WARN_EMPTY_BODY = YES;
				CLANG_WARN_ENUM_CONVERSION = YES;
				CLANG_WARN_INFINITE_RECURSION = YES;
				CLANG_WARN_INT_CONVERSION = YES;
				CLANG_WARN_OBJC_ROOT_CLASS = YES_ERROR;
				CLANG_WARN_SUSPICIOUS_MOVE = YES;
				CLANG_WARN_UNREACHABLE_CODE = YES;
				CLANG_WARN__DUPLICATE_METHOD_MATCH = YES;
				"CODE_SIGN_IDENTITY[sdk=iphoneos*]" = "iPhone Developer";
				COPY_PHASE_STRIP = NO;
				DEBUG_INFORMATION_FORMAT = "dwarf-with-dsym";
				ENABLE_NS_ASSERTIONS = NO;
				ENABLE_STRICT_OBJC_MSGSEND = YES;
				GCC_C_LANGUAGE_STANDARD = gnu99;
				GCC_NO_COMMON_BLOCKS = YES;
				GCC_WARN_64_TO_32_BIT_CONVERSION = YES;
				GCC_WARN_ABOUT_RETURN_TYPE = YES_ERROR;
				GCC_WARN_UNDECLARED_SELECTOR = YES;
				GCC_WARN_UNINITIALIZED_AUTOS = YES_AGGRESSIVE;
				GCC_WARN_UNUSED_FUNCTION = YES;
				GCC_WARN_UNUSED_VARIABLE = YES;
				IPHONEOS_DEPLOYMENT_TARGET = 10.3;
				MTL_ENABLE_DEBUG_INFO = NO;
				SDKROOT = iphoneos;
				SWIFT_OPTIMIZATION_LEVEL = "-Owholemodule";
				VALIDATE_PRODUCT = YES;
			};
			name = Release;
		};
		452E4DE51F4B16F200F27656 /* Debug */ = {
			isa = XCBuildConfiguration;
			baseConfigurationReference = 6B04541E64344E56F652E0A3 /* Pods-NhaTro.debug.xcconfig */;
			buildSettings = {
				ASSETCATALOG_COMPILER_APPICON_NAME = AppIcon;
				CLANG_ENABLE_MODULES = YES;
				"CODE_SIGN_IDENTITY[sdk=iphoneos*]" = "iPhone Developer";
				DEVELOPMENT_TEAM = 533G42X52A;
				FRAMEWORK_SEARCH_PATHS = (
					"$(inherited)",
					"$(PROJECT_DIR)/FacebookSDKs-iOS-4.25.0",
				);
				INFOPLIST_FILE = NhaTro/Info.plist;
				IPHONEOS_DEPLOYMENT_TARGET = 9.0;
				LD_RUNPATH_SEARCH_PATHS = "$(inherited) @executable_path/Frameworks";
				PRODUCT_BUNDLE_IDENTIFIER = com.nhatro.NhaTro;
				PRODUCT_NAME = "$(TARGET_NAME)";
				PROVISIONING_PROFILE_SPECIFIER = "";
				SWIFT_OBJC_BRIDGING_HEADER = "NhaTro/Libraries/SWRevealViewController/NhaTro-Bridging-Header.h";
				SWIFT_OPTIMIZATION_LEVEL = "-Onone";
				SWIFT_VERSION = 3.0;
			};
			name = Debug;
		};
		452E4DE61F4B16F200F27656 /* Release */ = {
			isa = XCBuildConfiguration;
			baseConfigurationReference = A549A2A6141EB784B85B84AF /* Pods-NhaTro.release.xcconfig */;
			buildSettings = {
				ASSETCATALOG_COMPILER_APPICON_NAME = AppIcon;
				CLANG_ENABLE_MODULES = YES;
				"CODE_SIGN_IDENTITY[sdk=iphoneos*]" = "iPhone Developer";
				DEVELOPMENT_TEAM = 533G42X52A;
				FRAMEWORK_SEARCH_PATHS = (
					"$(inherited)",
					"$(PROJECT_DIR)/FacebookSDKs-iOS-4.25.0",
				);
				INFOPLIST_FILE = NhaTro/Info.plist;
				IPHONEOS_DEPLOYMENT_TARGET = 9.0;
				LD_RUNPATH_SEARCH_PATHS = "$(inherited) @executable_path/Frameworks";
				PRODUCT_BUNDLE_IDENTIFIER = com.nhatro.NhaTro;
				PRODUCT_NAME = "$(TARGET_NAME)";
				PROVISIONING_PROFILE_SPECIFIER = "";
				SWIFT_OBJC_BRIDGING_HEADER = "NhaTro/Libraries/SWRevealViewController/NhaTro-Bridging-Header.h";
				SWIFT_VERSION = 3.0;
			};
			name = Release;
		};
/* End XCBuildConfiguration section */

/* Begin XCConfigurationList section */
		452E4DCD1F4B16F100F27656 /* Build configuration list for PBXProject "NhaTro" */ = {
			isa = XCConfigurationList;
			buildConfigurations = (
				452E4DE21F4B16F200F27656 /* Debug */,
				452E4DE31F4B16F200F27656 /* Release */,
			);
			defaultConfigurationIsVisible = 0;
			defaultConfigurationName = Release;
		};
		452E4DE41F4B16F200F27656 /* Build configuration list for PBXNativeTarget "NhaTro" */ = {
			isa = XCConfigurationList;
			buildConfigurations = (
				452E4DE51F4B16F200F27656 /* Debug */,
				452E4DE61F4B16F200F27656 /* Release */,
			);
			defaultConfigurationIsVisible = 0;
			defaultConfigurationName = Release;
		};
/* End XCConfigurationList section */
	};
	rootObject = 452E4DCA1F4B16F100F27656 /* Project object */;
}
